// !$*UTF8*$!
{
	archiveVersion = 1;
	classes = {
	};
	objectVersion = 55;
	objects = {

/* Begin PBXBuildFile section */
		07F1AE8F28A6331400792E9A /* swiftui08App.swift in Sources */ = {isa = PBXBuildFile; fileRef = 07F1AE8E28A6331400792E9A /* swiftui08App.swift */; };
		07F1AE9128A6331400792E9A /* ContentView.swift in Sources */ = {isa = PBXBuildFile; fileRef = 07F1AE9028A6331400792E9A /* ContentView.swift */; };
		07F1AE9328A6331900792E9A /* Assets.xcassets in Resources */ = {isa = PBXBuildFile; fileRef = 07F1AE9228A6331900792E9A /* Assets.xcassets */; };
		07F1AE9628A6331900792E9A /* Preview Assets.xcassets in Resources */ = {isa = PBXBuildFile; fileRef = 07F1AE9528A6331900792E9A /* Preview Assets.xcassets */; };
		07F1AEA028A6331A00792E9A /* swiftui08Tests.swift in Sources */ = {isa = PBXBuildFile; fileRef = 07F1AE9F28A6331A00792E9A /* swiftui08Tests.swift */; };
		07F1AEAA28A6331A00792E9A /* swiftui08UITests.swift in Sources */ = {isa = PBXBuildFile; fileRef = 07F1AEA928A6331A00792E9A /* swiftui08UITests.swift */; };
		07F1AEAC28A6331A00792E9A /* swiftui08UITestsLaunchTests.swift in Sources */ = {isa = PBXBuildFile; fileRef = 07F1AEAB28A6331A00792E9A /* swiftui08UITestsLaunchTests.swift */; };
		07F1AEB928A6337A00792E9A /* DetailView.swift in Sources */ = {isa = PBXBuildFile; fileRef = 07F1AEB828A6337A00792E9A /* DetailView.swift */; };
/* End PBXBuildFile section */

/* Begin PBXContainerItemProxy section */
		07F1AE9C28A6331A00792E9A /* PBXContainerItemProxy */ = {
			isa = PBXContainerItemProxy;
			containerPortal = 07F1AE8328A6331400792E9A /* Project object */;
			proxyType = 1;
			remoteGlobalIDString = 07F1AE8A28A6331400792E9A;
			remoteInfo = swiftui08;
		};
		07F1AEA628A6331A00792E9A /* PBXContainerItemProxy */ = {
			isa = PBXContainerItemProxy;
			containerPortal = 07F1AE8328A6331400792E9A /* Project object */;
			proxyType = 1;
			remoteGlobalIDString = 07F1AE8A28A6331400792E9A;
			remoteInfo = swiftui08;
		};
/* End PBXContainerItemProxy section */

/* Begin PBXFileReference section */
		07F1AE8B28A6331400792E9A /* swiftui08.app */ = {isa = PBXFileReference; explicitFileType = wrapper.application; includeInIndex = 0; path = swiftui08.app; sourceTree = BUILT_PRODUCTS_DIR; };
		07F1AE8E28A6331400792E9A /* swiftui08App.swift */ = {isa = PBXFileReference; lastKnownFileType = sourcecode.swift; path = swiftui08App.swift; sourceTree = "<group>"; };
		07F1AE9028A6331400792E9A /* ContentView.swift */ = {isa = PBXFileReference; lastKnownFileType = sourcecode.swift; path = ContentView.swift; sourceTree = "<group>"; };
		07F1AE9228A6331900792E9A /* Assets.xcassets */ = {isa = PBXFileReference; lastKnownFileType = folder.assetcatalog; path = Assets.xcassets; sourceTree = "<group>"; };
		07F1AE9528A6331900792E9A /* Preview Assets.xcassets */ = {isa = PBXFileReference; lastKnownFileType = folder.assetcatalog; path = "Preview Assets.xcassets"; sourceTree = "<group>"; };
		07F1AE9B28A6331A00792E9A /* swiftui08Tests.xctest */ = {isa = PBXFileReference; explicitFileType = wrapper.cfbundle; includeInIndex = 0; path = swiftui08Tests.xctest; sourceTree = BUILT_PRODUCTS_DIR; };
		07F1AE9F28A6331A00792E9A /* swiftui08Tests.swift */ = {isa = PBXFileReference; lastKnownFileType = sourcecode.swift; path = swiftui08Tests.swift; sourceTree = "<group>"; };
		07F1AEA528A6331A00792E9A /* swiftui08UITests.xctest */ = {isa = PBXFileReference; explicitFileType = wrapper.cfbundle; includeInIndex = 0; path = swiftui08UITests.xctest; sourceTree = BUILT_PRODUCTS_DIR; };
		07F1AEA928A6331A00792E9A /* swiftui08UITests.swift */ = {isa = PBXFileReference; lastKnownFileType = sourcecode.swift; path = swiftui08UITests.swift; sourceTree = "<group>"; };
		07F1AEAB28A6331A00792E9A /* swiftui08UITestsLaunchTests.swift */ = {isa = PBXFileReference; lastKnownFileType = sourcecode.swift; path = swiftui08UITestsLaunchTests.swift; sourceTree = "<group>"; };
		07F1AEB828A6337A00792E9A /* DetailView.swift */ = {isa = PBXFileReference; lastKnownFileType = sourcecode.swift; path = DetailView.swift; sourceTree = "<group>"; };
/* End PBXFileReference section */

/* Begin PBXFrameworksBuildPhase section */
		07F1AE8828A6331400792E9A /* Frameworks */ = {
			isa = PBXFrameworksBuildPhase;
			buildActionMask = 2147483647;
			files = (
			);
			runOnlyForDeploymentPostprocessing = 0;
		};
		07F1AE9828A6331A00792E9A /* Frameworks */ = {
			isa = PBXFrameworksBuildPhase;
			buildActionMask = 2147483647;
			files = (
			);
			runOnlyForDeploymentPostprocessing = 0;
		};
		07F1AEA228A6331A00792E9A /* Frameworks */ = {
			isa = PBXFrameworksBuildPhase;
			buildActionMask = 2147483647;
			files = (
			);
			runOnlyForDeploymentPostprocessing = 0;
		};
/* End PBXFrameworksBuildPhase section */

/* Begin PBXGroup section */
		07F1AE8228A6331300792E9A = {
			isa = PBXGroup;
			children = (
				07F1AE8D28A6331400792E9A /* swiftui08 */,
				07F1AE9E28A6331A00792E9A /* swiftui08Tests */,
				07F1AEA828A6331A00792E9A /* swiftui08UITests */,
				07F1AE8C28A6331400792E9A /* Products */,
			);
			sourceTree = "<group>";
		};
		07F1AE8C28A6331400792E9A /* Products */ = {
			isa = PBXGroup;
			children = (
				07F1AE8B28A6331400792E9A /* swiftui08.app */,
				07F1AE9B28A6331A00792E9A /* swiftui08Tests.xctest */,
				07F1AEA528A6331A00792E9A /* swiftui08UITests.xctest */,
			);
			name = Products;
			sourceTree = "<group>";
		};
		07F1AE8D28A6331400792E9A /* swiftui08 */ = {
			isa = PBXGroup;
			children = (
				07F1AE8E28A6331400792E9A /* swiftui08App.swift */,
				07F1AE9028A6331400792E9A /* ContentView.swift */,
				07F1AEB828A6337A00792E9A /* DetailView.swift */,
				07F1AE9228A6331900792E9A /* Assets.xcassets */,
				07F1AE9428A6331900792E9A /* Preview Content */,
			);
			path = swiftui08;
			sourceTree = "<group>";
		};
		07F1AE9428A6331900792E9A /* Preview Content */ = {
			isa = PBXGroup;
			children = (
				07F1AE9528A6331900792E9A /* Preview Assets.xcassets */,
			);
			path = "Preview Content";
			sourceTree = "<group>";
		};
		07F1AE9E28A6331A00792E9A /* swiftui08Tests */ = {
			isa = PBXGroup;
			children = (
				07F1AE9F28A6331A00792E9A /* swiftui08Tests.swift */,
			);
			path = swiftui08Tests;
			sourceTree = "<group>";
		};
		07F1AEA828A6331A00792E9A /* swiftui08UITests */ = {
			isa = PBXGroup;
			children = (
				07F1AEA928A6331A00792E9A /* swiftui08UITests.swift */,
				07F1AEAB28A6331A00792E9A /* swiftui08UITestsLaunchTests.swift */,
			);
			path = swiftui08UITests;
			sourceTree = "<group>";
		};
/* End PBXGroup section */

/* Begin PBXNativeTarget section */
		07F1AE8A28A6331400792E9A /* swiftui08 */ = {
			isa = PBXNativeTarget;
			buildConfigurationList = 07F1AEAF28A6331A00792E9A /* Build configuration list for PBXNativeTarget "swiftui08" */;
			buildPhases = (
				07F1AE8728A6331400792E9A /* Sources */,
				07F1AE8828A6331400792E9A /* Frameworks */,
				07F1AE8928A6331400792E9A /* Resources */,
			);
			buildRules = (
			);
			dependencies = (
			);
			name = swiftui08;
			productName = swiftui08;
			productReference = 07F1AE8B28A6331400792E9A /* swiftui08.app */;
			productType = "com.apple.product-type.application";
		};
		07F1AE9A28A6331A00792E9A /* swiftui08Tests */ = {
			isa = PBXNativeTarget;
			buildConfigurationList = 07F1AEB228A6331A00792E9A /* Build configuration list for PBXNativeTarget "swiftui08Tests" */;
			buildPhases = (
				07F1AE9728A6331A00792E9A /* Sources */,
				07F1AE9828A6331A00792E9A /* Frameworks */,
				07F1AE9928A6331A00792E9A /* Resources */,
			);
			buildRules = (
			);
			dependencies = (
				07F1AE9D28A6331A00792E9A /* PBXTargetDependency */,
			);
			name = swiftui08Tests;
			productName = swiftui08Tests;
			productReference = 07F1AE9B28A6331A00792E9A /* swiftui08Tests.xctest */;
			productType = "com.apple.product-type.bundle.unit-test";
		};
		07F1AEA428A6331A00792E9A /* swiftui08UITests */ = {
			isa = PBXNativeTarget;
			buildConfigurationList = 07F1AEB528A6331A00792E9A /* Build configuration list for PBXNativeTarget "swiftui08UITests" */;
			buildPhases = (
				07F1AEA128A6331A00792E9A /* Sources */,
				07F1AEA228A6331A00792E9A /* Frameworks */,
				07F1AEA328A6331A00792E9A /* Resources */,
			);
			buildRules = (
			);
			dependencies = (
				07F1AEA728A6331A00792E9A /* PBXTargetDependency */,
			);
			name = swiftui08UITests;
			productName = swiftui08UITests;
			productReference = 07F1AEA528A6331A00792E9A /* swiftui08UITests.xctest */;
			productType = "com.apple.product-type.bundle.ui-testing";
		};
/* End PBXNativeTarget section */

/* Begin PBXProject section */
		07F1AE8328A6331400792E9A /* Project object */ = {
			isa = PBXProject;
			attributes = {
				BuildIndependentTargetsInParallel = 1;
				LastSwiftUpdateCheck = 1310;
				LastUpgradeCheck = 1310;
				TargetAttributes = {
					07F1AE8A28A6331400792E9A = {
						CreatedOnToolsVersion = 13.1;
					};
					07F1AE9A28A6331A00792E9A = {
						CreatedOnToolsVersion = 13.1;
						TestTargetID = 07F1AE8A28A6331400792E9A;
					};
					07F1AEA428A6331A00792E9A = {
						CreatedOnToolsVersion = 13.1;
						TestTargetID = 07F1AE8A28A6331400792E9A;
					};
				};
			};
			buildConfigurationList = 07F1AE8628A6331400792E9A /* Build configuration list for PBXProject "swiftui08" */;
			compatibilityVersion = "Xcode 13.0";
			developmentRegion = en;
			hasScannedForEncodings = 0;
			knownRegions = (
				en,
				Base,
			);
			mainGroup = 07F1AE8228A6331300792E9A;
			productRefGroup = 07F1AE8C28A6331400792E9A /* Products */;
			projectDirPath = "";
			projectRoot = "";
			targets = (
				07F1AE8A28A6331400792E9A /* swiftui08 */,
				07F1AE9A28A6331A00792E9A /* swiftui08Tests */,
				07F1AEA428A6331A00792E9A /* swiftui08UITests */,
			);
		};
/* End PBXProject section */

/* Begin PBXResourcesBuildPhase section */
		07F1AE8928A6331400792E9A /* Resources */ = {
			isa = PBXResourcesBuildPhase;
			buildActionMask = 2147483647;
			files = (
				07F1AE9628A6331900792E9A /* Preview Assets.xcassets in Resources */,
				07F1AE9328A6331900792E9A /* Assets.xcassets in Resources */,
			);
			runOnlyForDeploymentPostprocessing = 0;
		};
		07F1AE9928A6331A00792E9A /* Resources */ = {
			isa = PBXResourcesBuildPhase;
			buildActionMask = 2147483647;
			files = (
			);
			runOnlyForDeploymentPostprocessing = 0;
		};
		07F1AEA328A6331A00792E9A /* Resources */ = {
			isa = PBXResourcesBuildPhase;
			buildActionMask = 2147483647;
			files = (
			);
			runOnlyForDeploymentPostprocessing = 0;
		};
/* End PBXResourcesBuildPhase section */

/* Begin PBXSourcesBuildPhase section */
		07F1AE8728A6331400792E9A /* Sources */ = {
			isa = PBXSourcesBuildPhase;
			buildActionMask = 2147483647;
			files = (
				07F1AE9128A6331400792E9A /* ContentView.swift in Sources */,
				07F1AEB928A6337A00792E9A /* DetailView.swift in Sources */,
				07F1AE8F28A6331400792E9A /* swiftui08App.swift in Sources */,
			);
			runOnlyForDeploymentPostprocessing = 0;
		};
		07F1AE9728A6331A00792E9A /* Sources */ = {
			isa = PBXSourcesBuildPhase;
			buildActionMask = 2147483647;
			files = (
				07F1AEA028A6331A00792E9A /* swiftui08Tests.swift in Sources */,
			);
			runOnlyForDeploymentPostprocessing = 0;
		};
		07F1AEA128A6331A00792E9A /* Sources */ = {
			isa = PBXSourcesBuildPhase;
			buildActionMask = 2147483647;
			files = (
				07F1AEAC28A6331A00792E9A /* swiftui08UITestsLaunchTests.swift in Sources */,
				07F1AEAA28A6331A00792E9A /* swiftui08UITests.swift in Sources */,
			);
			runOnlyForDeploymentPostprocessing = 0;
		};
/* End PBXSourcesBuildPhase section */

/* Begin PBXTargetDependency section */
		07F1AE9D28A6331A00792E9A /* PBXTargetDependency */ = {
			isa = PBXTargetDependency;
			target = 07F1AE8A28A6331400792E9A /* swiftui08 */;
			targetProxy = 07F1AE9C28A6331A00792E9A /* PBXContainerItemProxy */;
		};
		07F1AEA728A6331A00792E9A /* PBXTargetDependency */ = {
			isa = PBXTargetDependency;
			target = 07F1AE8A28A6331400792E9A /* swiftui08 */;
			targetProxy = 07F1AEA628A6331A00792E9A /* PBXContainerItemProxy */;
		};
/* End PBXTargetDependency section */

/* Begin XCBuildConfiguration section */
		07F1AEAD28A6331A00792E9A /* Debug */ = {
			isa = XCBuildConfiguration;
			buildSettings = {
				ALWAYS_SEARCH_USER_PATHS = NO;
				CLANG_ANALYZER_NONNULL = YES;
				CLANG_ANALYZER_NUMBER_OBJECT_CONVERSION = YES_AGGRESSIVE;
				CLANG_CXX_LANGUAGE_STANDARD = "gnu++17";
				CLANG_CXX_LIBRARY = "libc++";
				CLANG_ENABLE_MODULES = YES;
				CLANG_ENABLE_OBJC_ARC = YES;
				CLANG_ENABLE_OBJC_WEAK = YES;
				CLANG_WARN_BLOCK_CAPTURE_AUTORELEASING = YES;
				CLANG_WARN_BOOL_CONVERSION = YES;
				CLANG_WARN_COMMA = YES;
				CLANG_WARN_CONSTANT_CONVERSION = YES;
				CLANG_WARN_DEPRECATED_OBJC_IMPLEMENTATIONS = YES;
				CLANG_WARN_DIRECT_OBJC_ISA_USAGE = YES_ERROR;
				CLANG_WARN_DOCUMENTATION_COMMENTS = YES;
				CLANG_WARN_EMPTY_BODY = YES;
				CLANG_WARN_ENUM_CONVERSION = YES;
				CLANG_WARN_INFINITE_RECURSION = YES;
				CLANG_WARN_INT_CONVERSION = YES;
				CLANG_WARN_NON_LITERAL_NULL_CONVERSION = YES;
				CLANG_WARN_OBJC_IMPLICIT_RETAIN_SELF = YES;
				CLANG_WARN_OBJC_LITERAL_CONVERSION = YES;
				CLANG_WARN_OBJC_ROOT_CLASS = YES_ERROR;
				CLANG_WARN_QUOTED_INCLUDE_IN_FRAMEWORK_HEADER = YES;
				CLANG_WARN_RANGE_LOOP_ANALYSIS = YES;
				CLANG_WARN_STRICT_PROTOTYPES = YES;
				CLANG_WARN_SUSPICIOUS_MOVE = YES;
				CLANG_WARN_UNGUARDED_AVAILABILITY = YES_AGGRESSIVE;
				CLANG_WARN_UNREACHABLE_CODE = YES;
				CLANG_WARN__DUPLICATE_METHOD_MATCH = YES;
				COPY_PHASE_STRIP = NO;
				DEBUG_INFORMATION_FORMAT = dwarf;
				ENABLE_STRICT_OBJC_MSGSEND = YES;
				ENABLE_TESTABILITY = YES;
				GCC_C_LANGUAGE_STANDARD = gnu11;
				GCC_DYNAMIC_NO_PIC = NO;
				GCC_NO_COMMON_BLOCKS = YES;
				GCC_OPTIMIZATION_LEVEL = 0;
				GCC_PREPROCESSOR_DEFINITIONS = (
					"DEBUG=1",
					"$(inherited)",
				);
				GCC_WARN_64_TO_32_BIT_CONVERSION = YES;
				GCC_WARN_ABOUT_RETURN_TYPE = YES_ERROR;
				GCC_WARN_UNDECLARED_SELECTOR = YES;
				GCC_WARN_UNINITIALIZED_AUTOS = YES_AGGRESSIVE;
				GCC_WARN_UNUSED_FUNCTION = YES;
				GCC_WARN_UNUSED_VARIABLE = YES;
				IPHONEOS_DEPLOYMENT_TARGET = 15.0;
				MTL_ENABLE_DEBUG_INFO = INCLUDE_SOURCE;
				MTL_FAST_MATH = YES;
				ONLY_ACTIVE_ARCH = YES;
				SDKROOT = iphoneos;
				SWIFT_ACTIVE_COMPILATION_CONDITIONS = DEBUG;
				SWIFT_OPTIMIZATION_LEVEL = "-Onone";
			};
			name = Debug;
		};
		07F1AEAE28A6331A00792E9A /* Release */ = {
			isa = XCBuildConfiguration;
			buildSettings = {
				ALWAYS_SEARCH_USER_PATHS = NO;
				CLANG_ANALYZER_NONNULL = YES;
				CLANG_ANALYZER_NUMBER_OBJECT_CONVERSION = YES_AGGRESSIVE;
				CLANG_CXX_LANGUAGE_STANDARD = "gnu++17";
				CLANG_CXX_LIBRARY = "libc++";
				CLANG_ENABLE_MODULES = YES;
				CLANG_ENABLE_OBJC_ARC = YES;
				CLANG_ENABLE_OBJC_WEAK = YES;
				CLANG_WARN_BLOCK_CAPTURE_AUTORELEASING = YES;
				CLANG_WARN_BOOL_CONVERSION = YES;
				CLANG_WARN_COMMA = YES;
				CLANG_WARN_CONSTANT_CONVERSION = YES;
				CLANG_WARN_DEPRECATED_OBJC_IMPLEMENTATIONS = YES;
				CLANG_WARN_DIRECT_OBJC_ISA_USAGE = YES_ERROR;
				CLANG_WARN_DOCUMENTATION_COMMENTS = YES;
				CLANG_WARN_EMPTY_BODY = YES;
				CLANG_WARN_ENUM_CONVERSION = YES;
				CLANG_WARN_INFINITE_RECURSION = YES;
				CLANG_WARN_INT_CONVERSION = YES;
				CLANG_WARN_NON_LITERAL_NULL_CONVERSION = YES;
				CLANG_WARN_OBJC_IMPLICIT_RETAIN_SELF = YES;
				CLANG_WARN_OBJC_LITERAL_CONVERSION = YES;
				CLANG_WARN_OBJC_ROOT_CLASS = YES_ERROR;
				CLANG_WARN_QUOTED_INCLUDE_IN_FRAMEWORK_HEADER = YES;
				CLANG_WARN_RANGE_LOOP_ANALYSIS = YES;
				CLANG_WARN_STRICT_PROTOTYPES = YES;
				CLANG_WARN_SUSPICIOUS_MOVE = YES;
				CLANG_WARN_UNGUARDED_AVAILABILITY = YES_AGGRESSIVE;
				CLANG_WARN_UNREACHABLE_CODE = YES;
				CLANG_WARN__DUPLICATE_METHOD_MATCH = YES;
				COPY_PHASE_STRIP = NO;
				DEBUG_INFORMATION_FORMAT = "dwarf-with-dsym";
				ENABLE_NS_ASSERTIONS = NO;
				ENABLE_STRICT_OBJC_MSGSEND = YES;
				GCC_C_LANGUAGE_STANDARD = gnu11;
				GCC_NO_COMMON_BLOCKS = YES;
				GCC_WARN_64_TO_32_BIT_CONVERSION = YES;
				GCC_WARN_ABOUT_RETURN_TYPE = YES_ERROR;
				GCC_WARN_UNDECLARED_SELECTOR = YES;
				GCC_WARN_UNINITIALIZED_AUTOS = YES_AGGRESSIVE;
				GCC_WARN_UNUSED_FUNCTION = YES;
				GCC_WARN_UNUSED_VARIABLE = YES;
				IPHONEOS_DEPLOYMENT_TARGET = 15.0;
				MTL_ENABLE_DEBUG_INFO = NO;
				MTL_FAST_MATH = YES;
				SDKROOT = iphoneos;
				SWIFT_COMPILATION_MODE = wholemodule;
				SWIFT_OPTIMIZATION_LEVEL = "-O";
				VALIDATE_PRODUCT = YES;
			};
			name = Release;
		};
		07F1AEB028A6331A00792E9A /* Debug */ = {
			isa = XCBuildConfiguration;
			buildSettings = {
				ASSETCATALOG_COMPILER_APPICON_NAME = AppIcon;
				ASSETCATALOG_COMPILER_GLOBAL_ACCENT_COLOR_NAME = AccentColor;
				CODE_SIGN_STYLE = Automatic;
				CURRENT_PROJECT_VERSION = 1;
				DEVELOPMENT_ASSET_PATHS = "\"swiftui08/Preview Content\"";
				DEVELOPMENT_TEAM = JWZ893HKXY;
				ENABLE_PREVIEWS = YES;
				GENERATE_INFOPLIST_FILE = YES;
				INFOPLIST_KEY_UIApplicationSceneManifest_Generation = YES;
				INFOPLIST_KEY_UIApplicationSupportsIndirectInputEvents = YES;
				INFOPLIST_KEY_UILaunchScreen_Generation = YES;
				INFOPLIST_KEY_UISupportedInterfaceOrientations_iPad = "UIInterfaceOrientationPortrait UIInterfaceOrientationPortraitUpsideDown UIInterfaceOrientationLandscapeLeft UIInterfaceOrientationLandscapeRight";
				INFOPLIST_KEY_UISupportedInterfaceOrientations_iPhone = "UIInterfaceOrientationPortrait UIInterfaceOrientationLandscapeLeft UIInterfaceOrientationLandscapeRight";
				LD_RUNPATH_SEARCH_PATHS = (
					"$(inherited)",
					"@executable_path/Frameworks",
				);
				MARKETING_VERSION = 1.0;
				PRODUCT_BUNDLE_IDENTIFIER = com.example.sxm.swiftui08;
				PRODUCT_NAME = "$(TARGET_NAME)";
				SWIFT_EMIT_LOC_STRINGS = YES;
				SWIFT_VERSION = 5.0;
				TARGETED_DEVICE_FAMILY = "1,2";
			};
			name = Debug;
		};
		07F1AEB128A6331A00792E9A /* Release */ = {
			isa = XCBuildConfiguration;
			buildSettings = {
				ASSETCATALOG_COMPILER_APPICON_NAME = AppIcon;
				ASSETCATALOG_COMPILER_GLOBAL_ACCENT_COLOR_NAME = AccentColor;
				CODE_SIGN_STYLE = Automatic;
				CURRENT_PROJECT_VERSION = 1;
				DEVELOPMENT_ASSET_PATHS = "\"swiftui08/Preview Content\"";
				DEVELOPMENT_TEAM = JWZ893HKXY;
				ENABLE_PREVIEWS = YES;
				GENERATE_INFOPLIST_FILE = YES;
				INFOPLIST_KEY_UIApplicationSceneManifest_Generation = YES;
				INFOPLIST_KEY_UIApplicationSupportsIndirectInputEvents = YES;
				INFOPLIST_KEY_UILaunchScreen_Generation = YES;
				INFOPLIST_KEY_UISupportedInterfaceOrientations_iPad = "UIInterfaceOrientationPortrait UIInterfaceOrientationPortraitUpsideDown UIInterfaceOrientationLandscapeLeft UIInterfaceOrientationLandscapeRight";
				INFOPLIST_KEY_UISupportedInterfaceOrientations_iPhone = "UIInterfaceOrientationPortrait UIInterfaceOrientationLandscapeLeft UIInterfaceOrientationLandscapeRight";
				LD_RUNPATH_SEARCH_PATHS = (
					"$(inherited)",
					"@executable_path/Frameworks",
				);
				MARKETING_VERSION = 1.0;
				PRODUCT_BUNDLE_IDENTIFIER = com.example.sxm.swiftui08;
				PRODUCT_NAME = "$(TARGET_NAME)";
				SWIFT_EMIT_LOC_STRINGS = YES;
				SWIFT_VERSION = 5.0;
				TARGETED_DEVICE_FAMILY = "1,2";
			};
			name = Release;
		};
		07F1AEB328A6331A00792E9A /* Debug */ = {
			isa = XCBuildConfiguration;
			buildSettings = {
				ALWAYS_EMBED_SWIFT_STANDARD_LIBRARIES = YES;
				BUNDLE_LOADER = "$(TEST_HOST)";
				CODE_SIGN_STYLE = Automatic;
				CURRENT_PROJECT_VERSION = 1;
				DEVELOPMENT_TEAM = JWZ893HKXY;
				GENERATE_INFOPLIST_FILE = YES;
				IPHONEOS_DEPLOYMENT_TARGET = 15.0;
				LD_RUNPATH_SEARCH_PATHS = (
					"$(inherited)",
					"@executable_path/Frameworks",
					"@loader_path/Frameworks",
				);
				MARKETING_VERSION = 1.0;
				PRODUCT_BUNDLE_IDENTIFIER = com.example.sxm.swiftui08Tests;
				PRODUCT_NAME = "$(TARGET_NAME)";
				SWIFT_EMIT_LOC_STRINGS = NO;
				SWIFT_VERSION = 5.0;
				TARGETED_DEVICE_FAMILY = "1,2";
				TEST_HOST = "$(BUILT_PRODUCTS_DIR)/swiftui08.app/swiftui08";
			};
			name = Debug;
		};
		07F1AEB428A6331A00792E9A /* Release */ = {
			isa = XCBuildConfiguration;
			buildSettings = {
				ALWAYS_EMBED_SWIFT_STANDARD_LIBRARIES = YES;
				BUNDLE_LOADER = "$(TEST_HOST)";
				CODE_SIGN_STYLE = Automatic;
				CURRENT_PROJECT_VERSION = 1;
				DEVELOPMENT_TEAM = JWZ893HKXY;
				GENERATE_INFOPLIST_FILE = YES;
				IPHONEOS_DEPLOYMENT_TARGET = 15.0;
				LD_RUNPATH_SEARCH_PATHS = (
					"$(inherited)",
					"@executable_path/Frameworks",
					"@loader_path/Frameworks",
				);
				MARKETING_VERSION = 1.0;
				PRODUCT_BUNDLE_IDENTIFIER = com.example.sxm.swiftui08Tests;
				PRODUCT_NAME = "$(TARGET_NAME)";
				SWIFT_EMIT_LOC_STRINGS = NO;
				SWIFT_VERSION = 5.0;
				TARGETED_DEVICE_FAMILY = "1,2";
				TEST_HOST = "$(BUILT_PRODUCTS_DIR)/swiftui08.app/swiftui08";
			};
			name = Release;
		};
		07F1AEB628A6331A00792E9A /* Debug */ = {
			isa = XCBuildConfiguration;
			buildSettings = {
				ALWAYS_EMBED_SWIFT_STANDARD_LIBRARIES = YES;
				CODE_SIGN_STYLE = Automatic;
				CURRENT_PROJECT_VERSION = 1;
				DEVELOPMENT_TEAM = JWZ893HKXY;
				GENERATE_INFOPLIST_FILE = YES;
				LD_RUNPATH_SEARCH_PATHS = (
					"$(inherited)",
					"@executable_path/Frameworks",
					"@loader_path/Frameworks",
				);
				MARKETING_VERSION = 1.0;
				PRODUCT_BUNDLE_IDENTIFIER = com.example.sxm.swiftui08UITests;
				PRODUCT_NAME = "$(TARGET_NAME)";
				SWIFT_EMIT_LOC_STRINGS = NO;
				SWIFT_VERSION = 5.0;
				TARGETED_DEVICE_FAMILY = "1,2";
				TEST_TARGET_NAME = swiftui08;
			};
			name = Debug;
		};
		07F1AEB728A6331A00792E9A /* Release */ = {
			isa = XCBuildConfiguration;
			buildSettings = {
				ALWAYS_EMBED_SWIFT_STANDARD_LIBRARIES = YES;
				CODE_SIGN_STYLE = Automatic;
				CURRENT_PROJECT_VERSION = 1;
				DEVELOPMENT_TEAM = JWZ893HKXY;
				GENERATE_INFOPLIST_FILE = YES;
				LD_RUNPATH_SEARCH_PATHS = (
					"$(inherited)",
					"@executable_path/Frameworks",
					"@loader_path/Frameworks",
				);
				MARKETING_VERSION = 1.0;
				PRODUCT_BUNDLE_IDENTIFIER = com.example.sxm.swiftui08UITests;
				PRODUCT_NAME = "$(TARGET_NAME)";
				SWIFT_EMIT_LOC_STRINGS = NO;
				SWIFT_VERSION = 5.0;
				TARGETED_DEVICE_FAMILY = "1,2";
				TEST_TARGET_NAME = swiftui08;
			};
			name = Release;
		};
/* End XCBuildConfiguration section */

/* Begin XCConfigurationList section */
		07F1AE8628A6331400792E9A /* Build configuration list for PBXProject "swiftui08" */ = {
			isa = XCConfigurationList;
			buildConfigurations = (
				07F1AEAD28A6331A00792E9A /* Debug */,
				07F1AEAE28A6331A00792E9A /* Release */,
			);
			defaultConfigurationIsVisible = 0;
			defaultConfigurationName = Release;
		};
		07F1AEAF28A6331A00792E9A /* Build configuration list for PBXNativeTarget "swiftui08" */ = {
			isa = XCConfigurationList;
			buildConfigurations = (
				07F1AEB028A6331A00792E9A /* Debug */,
				07F1AEB128A6331A00792E9A /* Release */,
			);
			defaultConfigurationIsVisible = 0;
			defaultConfigurationName = Release;
		};
		07F1AEB228A6331A00792E9A /* Build configuration list for PBXNativeTarget "swiftui08Tests" */ = {
			isa = XCConfigurationList;
			buildConfigurations = (
				07F1AEB328A6331A00792E9A /* Debug */,
				07F1AEB428A6331A00792E9A /* Release */,
			);
			defaultConfigurationIsVisible = 0;
			defaultConfigurationName = Release;
		};
		07F1AEB528A6331A00792E9A /* Build configuration list for PBXNativeTarget "swiftui08UITests" */ = {
			isa = XCConfigurationList;
			buildConfigurations = (
				07F1AEB628A6331A00792E9A /* Debug */,
				07F1AEB728A6331A00792E9A /* Release */,
			);
			defaultConfigurationIsVisible = 0;
			defaultConfigurationName = Release;
		};
/* End XCConfigurationList section */
	};
	rootObject = 07F1AE8328A6331400792E9A /* Project object */;
}
