// !$*UTF8*$!
{
	archiveVersion = 1;
	classes = {
	};
	objectVersion = 55;
	objects = {

/* Begin PBXBuildFile section */
		07F1ACE828A256E000792E9A /* swiftui01App.swift in Sources */ = {isa = PBXBuildFile; fileRef = 07F1ACE728A256E000792E9A /* swiftui01App.swift */; };
		07F1ACEA28A256E000792E9A /* ContentView.swift in Sources */ = {isa = PBXBuildFile; fileRef = 07F1ACE928A256E000792E9A /* ContentView.swift */; };
		07F1ACEC28A256E500792E9A /* Assets.xcassets in Resources */ = {isa = PBXBuildFile; fileRef = 07F1ACEB28A256E500792E9A /* Assets.xcassets */; };
		07F1ACEF28A256E500792E9A /* Preview Assets.xcassets in Resources */ = {isa = PBXBuildFile; fileRef = 07F1ACEE28A256E500792E9A /* Preview Assets.xcassets */; };
		07F1ACF928A256E500792E9A /* swiftui01Tests.swift in Sources */ = {isa = PBXBuildFile; fileRef = 07F1ACF828A256E500792E9A /* swiftui01Tests.swift */; };
		07F1AD0328A256E500792E9A /* swiftui01UITests.swift in Sources */ = {isa = PBXBuildFile; fileRef = 07F1AD0228A256E500792E9A /* swiftui01UITests.swift */; };
		07F1AD0528A256E500792E9A /* swiftui01UITestsLaunchTests.swift in Sources */ = {isa = PBXBuildFile; fileRef = 07F1AD0428A256E500792E9A /* swiftui01UITestsLaunchTests.swift */; };
		07F1AD1428A25CA600792E9A /* CircleImage.swift in Sources */ = {isa = PBXBuildFile; fileRef = 07F1AD1328A25CA600792E9A /* CircleImage.swift */; };
		07F1AD1628A2659D00792E9A /* MapView.swift in Sources */ = {isa = PBXBuildFile; fileRef = 07F1AD1528A2659D00792E9A /* MapView.swift */; };
/* End PBXBuildFile section */

/* Begin PBXContainerItemProxy section */
		07F1ACF528A256E500792E9A /* PBXContainerItemProxy */ = {
			isa = PBXContainerItemProxy;
			containerPortal = 07F1ACDC28A256E000792E9A /* Project object */;
			proxyType = 1;
			remoteGlobalIDString = 07F1ACE328A256E000792E9A;
			remoteInfo = swiftui01;
		};
		07F1ACFF28A256E500792E9A /* PBXContainerItemProxy */ = {
			isa = PBXContainerItemProxy;
			containerPortal = 07F1ACDC28A256E000792E9A /* Project object */;
			proxyType = 1;
			remoteGlobalIDString = 07F1ACE328A256E000792E9A;
			remoteInfo = swiftui01;
		};
/* End PBXContainerItemProxy section */

/* Begin PBXFileReference section */
		07F1ACE428A256E000792E9A /* swiftui01.app */ = {isa = PBXFileReference; explicitFileType = wrapper.application; includeInIndex = 0; path = swiftui01.app; sourceTree = BUILT_PRODUCTS_DIR; };
		07F1ACE728A256E000792E9A /* swiftui01App.swift */ = {isa = PBXFileReference; lastKnownFileType = sourcecode.swift; path = swiftui01App.swift; sourceTree = "<group>"; };
		07F1ACE928A256E000792E9A /* ContentView.swift */ = {isa = PBXFileReference; lastKnownFileType = sourcecode.swift; path = ContentView.swift; sourceTree = "<group>"; };
		07F1ACEB28A256E500792E9A /* Assets.xcassets */ = {isa = PBXFileReference; lastKnownFileType = folder.assetcatalog; path = Assets.xcassets; sourceTree = "<group>"; };
		07F1ACEE28A256E500792E9A /* Preview Assets.xcassets */ = {isa = PBXFileReference; lastKnownFileType = folder.assetcatalog; path = "Preview Assets.xcassets"; sourceTree = "<group>"; };
		07F1ACF428A256E500792E9A /* swiftui01Tests.xctest */ = {isa = PBXFileReference; explicitFileType = wrapper.cfbundle; includeInIndex = 0; path = swiftui01Tests.xctest; sourceTree = BUILT_PRODUCTS_DIR; };
		07F1ACF828A256E500792E9A /* swiftui01Tests.swift */ = {isa = PBXFileReference; lastKnownFileType = sourcecode.swift; path = swiftui01Tests.swift; sourceTree = "<group>"; };
		07F1ACFE28A256E500792E9A /* swiftui01UITests.xctest */ = {isa = PBXFileReference; explicitFileType = wrapper.cfbundle; includeInIndex = 0; path = swiftui01UITests.xctest; sourceTree = BUILT_PRODUCTS_DIR; };
		07F1AD0228A256E500792E9A /* swiftui01UITests.swift */ = {isa = PBXFileReference; lastKnownFileType = sourcecode.swift; path = swiftui01UITests.swift; sourceTree = "<group>"; };
		07F1AD0428A256E500792E9A /* swiftui01UITestsLaunchTests.swift */ = {isa = PBXFileReference; lastKnownFileType = sourcecode.swift; path = swiftui01UITestsLaunchTests.swift; sourceTree = "<group>"; };
		07F1AD1328A25CA600792E9A /* CircleImage.swift */ = {isa = PBXFileReference; lastKnownFileType = sourcecode.swift; path = CircleImage.swift; sourceTree = "<group>"; };
		07F1AD1528A2659D00792E9A /* MapView.swift */ = {isa = PBXFileReference; lastKnownFileType = sourcecode.swift; path = MapView.swift; sourceTree = "<group>"; };
/* End PBXFileReference section */

/* Begin PBXFrameworksBuildPhase section */
		07F1ACE128A256E000792E9A /* Frameworks */ = {
			isa = PBXFrameworksBuildPhase;
			buildActionMask = 2147483647;
			files = (
			);
			runOnlyForDeploymentPostprocessing = 0;
		};
		07F1ACF128A256E500792E9A /* Frameworks */ = {
			isa = PBXFrameworksBuildPhase;
			buildActionMask = 2147483647;
			files = (
			);
			runOnlyForDeploymentPostprocessing = 0;
		};
		07F1ACFB28A256E500792E9A /* Frameworks */ = {
			isa = PBXFrameworksBuildPhase;
			buildActionMask = 2147483647;
			files = (
			);
			runOnlyForDeploymentPostprocessing = 0;
		};
/* End PBXFrameworksBuildPhase section */

/* Begin PBXGroup section */
		07F1ACDB28A256E000792E9A = {
			isa = PBXGroup;
			children = (
				07F1ACE628A256E000792E9A /* swiftui01 */,
				07F1ACF728A256E500792E9A /* swiftui01Tests */,
				07F1AD0128A256E500792E9A /* swiftui01UITests */,
				07F1ACE528A256E000792E9A /* Products */,
			);
			sourceTree = "<group>";
		};
		07F1ACE528A256E000792E9A /* Products */ = {
			isa = PBXGroup;
			children = (
				07F1ACE428A256E000792E9A /* swiftui01.app */,
				07F1ACF428A256E500792E9A /* swiftui01Tests.xctest */,
				07F1ACFE28A256E500792E9A /* swiftui01UITests.xctest */,
			);
			name = Products;
			sourceTree = "<group>";
		};
		07F1ACE628A256E000792E9A /* swiftui01 */ = {
			isa = PBXGroup;
			children = (
				07F1ACE728A256E000792E9A /* swiftui01App.swift */,
				07F1ACE928A256E000792E9A /* ContentView.swift */,
				07F1ACEB28A256E500792E9A /* Assets.xcassets */,
				07F1ACED28A256E500792E9A /* Preview Content */,
				07F1AD1328A25CA600792E9A /* CircleImage.swift */,
				07F1AD1528A2659D00792E9A /* MapView.swift */,
			);
			path = swiftui01;
			sourceTree = "<group>";
		};
		07F1ACED28A256E500792E9A /* Preview Content */ = {
			isa = PBXGroup;
			children = (
				07F1ACEE28A256E500792E9A /* Preview Assets.xcassets */,
			);
			path = "Preview Content";
			sourceTree = "<group>";
		};
		07F1ACF728A256E500792E9A /* swiftui01Tests */ = {
			isa = PBXGroup;
			children = (
				07F1ACF828A256E500792E9A /* swiftui01Tests.swift */,
			);
			path = swiftui01Tests;
			sourceTree = "<group>";
		};
		07F1AD0128A256E500792E9A /* swiftui01UITests */ = {
			isa = PBXGroup;
			children = (
				07F1AD0228A256E500792E9A /* swiftui01UITests.swift */,
				07F1AD0428A256E500792E9A /* swiftui01UITestsLaunchTests.swift */,
			);
			path = swiftui01UITests;
			sourceTree = "<group>";
		};
/* End PBXGroup section */

/* Begin PBXNativeTarget section */
		07F1ACE328A256E000792E9A /* swiftui01 */ = {
			isa = PBXNativeTarget;
			buildConfigurationList = 07F1AD0828A256E500792E9A /* Build configuration list for PBXNativeTarget "swiftui01" */;
			buildPhases = (
				07F1ACE028A256E000792E9A /* Sources */,
				07F1ACE128A256E000792E9A /* Frameworks */,
				07F1ACE228A256E000792E9A /* Resources */,
			);
			buildRules = (
			);
			dependencies = (
			);
			name = swiftui01;
			productName = swiftui01;
			productReference = 07F1ACE428A256E000792E9A /* swiftui01.app */;
			productType = "com.apple.product-type.application";
		};
		07F1ACF328A256E500792E9A /* swiftui01Tests */ = {
			isa = PBXNativeTarget;
			buildConfigurationList = 07F1AD0B28A256E500792E9A /* Build configuration list for PBXNativeTarget "swiftui01Tests" */;
			buildPhases = (
				07F1ACF028A256E500792E9A /* Sources */,
				07F1ACF128A256E500792E9A /* Frameworks */,
				07F1ACF228A256E500792E9A /* Resources */,
			);
			buildRules = (
			);
			dependencies = (
				07F1ACF628A256E500792E9A /* PBXTargetDependency */,
			);
			name = swiftui01Tests;
			productName = swiftui01Tests;
			productReference = 07F1ACF428A256E500792E9A /* swiftui01Tests.xctest */;
			productType = "com.apple.product-type.bundle.unit-test";
		};
		07F1ACFD28A256E500792E9A /* swiftui01UITests */ = {
			isa = PBXNativeTarget;
			buildConfigurationList = 07F1AD0E28A256E500792E9A /* Build configuration list for PBXNativeTarget "swiftui01UITests" */;
			buildPhases = (
				07F1ACFA28A256E500792E9A /* Sources */,
				07F1ACFB28A256E500792E9A /* Frameworks */,
				07F1ACFC28A256E500792E9A /* Resources */,
			);
			buildRules = (
			);
			dependencies = (
				07F1AD0028A256E500792E9A /* PBXTargetDependency */,
			);
			name = swiftui01UITests;
			productName = swiftui01UITests;
			productReference = 07F1ACFE28A256E500792E9A /* swiftui01UITests.xctest */;
			productType = "com.apple.product-type.bundle.ui-testing";
		};
/* End PBXNativeTarget section */

/* Begin PBXProject section */
		07F1ACDC28A256E000792E9A /* Project object */ = {
			isa = PBXProject;
			attributes = {
				BuildIndependentTargetsInParallel = 1;
				LastSwiftUpdateCheck = 1310;
				LastUpgradeCheck = 1310;
				TargetAttributes = {
					07F1ACE328A256E000792E9A = {
						CreatedOnToolsVersion = 13.1;
					};
					07F1ACF328A256E500792E9A = {
						CreatedOnToolsVersion = 13.1;
						TestTargetID = 07F1ACE328A256E000792E9A;
					};
					07F1ACFD28A256E500792E9A = {
						CreatedOnToolsVersion = 13.1;
						TestTargetID = 07F1ACE328A256E000792E9A;
					};
				};
			};
			buildConfigurationList = 07F1ACDF28A256E000792E9A /* Build configuration list for PBXProject "swiftui01" */;
			compatibilityVersion = "Xcode 13.0";
			developmentRegion = en;
			hasScannedForEncodings = 0;
			knownRegions = (
				en,
				Base,
			);
			mainGroup = 07F1ACDB28A256E000792E9A;
			productRefGroup = 07F1ACE528A256E000792E9A /* Products */;
			projectDirPath = "";
			projectRoot = "";
			targets = (
				07F1ACE328A256E000792E9A /* swiftui01 */,
				07F1ACF328A256E500792E9A /* swiftui01Tests */,
				07F1ACFD28A256E500792E9A /* swiftui01UITests */,
			);
		};
/* End PBXProject section */

/* Begin PBXResourcesBuildPhase section */
		07F1ACE228A256E000792E9A /* Resources */ = {
			isa = PBXResourcesBuildPhase;
			buildActionMask = 2147483647;
			files = (
				07F1ACEF28A256E500792E9A /* Preview Assets.xcassets in Resources */,
				07F1ACEC28A256E500792E9A /* Assets.xcassets in Resources */,
			);
			runOnlyForDeploymentPostprocessing = 0;
		};
		07F1ACF228A256E500792E9A /* Resources */ = {
			isa = PBXResourcesBuildPhase;
			buildActionMask = 2147483647;
			files = (
			);
			runOnlyForDeploymentPostprocessing = 0;
		};
		07F1ACFC28A256E500792E9A /* Resources */ = {
			isa = PBXResourcesBuildPhase;
			buildActionMask = 2147483647;
			files = (
			);
			runOnlyForDeploymentPostprocessing = 0;
		};
/* End PBXResourcesBuildPhase section */

/* Begin PBXSourcesBuildPhase section */
		07F1ACE028A256E000792E9A /* Sources */ = {
			isa = PBXSourcesBuildPhase;
			buildActionMask = 2147483647;
			files = (
				07F1ACEA28A256E000792E9A /* ContentView.swift in Sources */,
				07F1AD1628A2659D00792E9A /* MapView.swift in Sources */,
				07F1AD1428A25CA600792E9A /* CircleImage.swift in Sources */,
				07F1ACE828A256E000792E9A /* swiftui01App.swift in Sources */,
			);
			runOnlyForDeploymentPostprocessing = 0;
		};
		07F1ACF028A256E500792E9A /* Sources */ = {
			isa = PBXSourcesBuildPhase;
			buildActionMask = 2147483647;
			files = (
				07F1ACF928A256E500792E9A /* swiftui01Tests.swift in Sources */,
			);
			runOnlyForDeploymentPostprocessing = 0;
		};
		07F1ACFA28A256E500792E9A /* Sources */ = {
			isa = PBXSourcesBuildPhase;
			buildActionMask = 2147483647;
			files = (
				07F1AD0328A256E500792E9A /* swiftui01UITests.swift in Sources */,
				07F1AD0528A256E500792E9A /* swiftui01UITestsLaunchTests.swift in Sources */,
			);
			runOnlyForDeploymentPostprocessing = 0;
		};
/* End PBXSourcesBuildPhase section */

/* Begin PBXTargetDependency section */
		07F1ACF628A256E500792E9A /* PBXTargetDependency */ = {
			isa = PBXTargetDependency;
			target = 07F1ACE328A256E000792E9A /* swiftui01 */;
			targetProxy = 07F1ACF528A256E500792E9A /* PBXContainerItemProxy */;
		};
		07F1AD0028A256E500792E9A /* PBXTargetDependency */ = {
			isa = PBXTargetDependency;
			target = 07F1ACE328A256E000792E9A /* swiftui01 */;
			targetProxy = 07F1ACFF28A256E500792E9A /* PBXContainerItemProxy */;
		};
/* End PBXTargetDependency section */

/* Begin XCBuildConfiguration section */
		07F1AD0628A256E500792E9A /* Debug */ = {
			isa = XCBuildConfiguration;
			buildSettings = {
				ALWAYS_SEARCH_USER_PATHS = NO;
				CLANG_ANALYZER_NONNULL = YES;
				CLANG_ANALYZER_NUMBER_OBJECT_CONVERSION = YES_AGGRESSIVE;
				CLANG_CXX_LANGUAGE_STANDARD = "gnu++17";
				CLANG_CXX_LIBRARY = "libc++";
				CLANG_ENABLE_MODULES = YES;
				CLANG_ENABLE_OBJC_ARC = YES;
				CLANG_ENABLE_OBJC_WEAK = YES;
				CLANG_WARN_BLOCK_CAPTURE_AUTORELEASING = YES;
				CLANG_WARN_BOOL_CONVERSION = YES;
				CLANG_WARN_COMMA = YES;
				CLANG_WARN_CONSTANT_CONVERSION = YES;
				CLANG_WARN_DEPRECATED_OBJC_IMPLEMENTATIONS = YES;
				CLANG_WARN_DIRECT_OBJC_ISA_USAGE = YES_ERROR;
				CLANG_WARN_DOCUMENTATION_COMMENTS = YES;
				CLANG_WARN_EMPTY_BODY = YES;
				CLANG_WARN_ENUM_CONVERSION = YES;
				CLANG_WARN_INFINITE_RECURSION = YES;
				CLANG_WARN_INT_CONVERSION = YES;
				CLANG_WARN_NON_LITERAL_NULL_CONVERSION = YES;
				CLANG_WARN_OBJC_IMPLICIT_RETAIN_SELF = YES;
				CLANG_WARN_OBJC_LITERAL_CONVERSION = YES;
				CLANG_WARN_OBJC_ROOT_CLASS = YES_ERROR;
				CLANG_WARN_QUOTED_INCLUDE_IN_FRAMEWORK_HEADER = YES;
				CLANG_WARN_RANGE_LOOP_ANALYSIS = YES;
				CLANG_WARN_STRICT_PROTOTYPES = YES;
				CLANG_WARN_SUSPICIOUS_MOVE = YES;
				CLANG_WARN_UNGUARDED_AVAILABILITY = YES_AGGRESSIVE;
				CLANG_WARN_UNREACHABLE_CODE = YES;
				CLANG_WARN__DUPLICATE_METHOD_MATCH = YES;
				COPY_PHASE_STRIP = NO;
				DEBUG_INFORMATION_FORMAT = dwarf;
				ENABLE_STRICT_OBJC_MSGSEND = YES;
				ENABLE_TESTABILITY = YES;
				GCC_C_LANGUAGE_STANDARD = gnu11;
				GCC_DYNAMIC_NO_PIC = NO;
				GCC_NO_COMMON_BLOCKS = YES;
				GCC_OPTIMIZATION_LEVEL = 0;
				GCC_PREPROCESSOR_DEFINITIONS = (
					"DEBUG=1",
					"$(inherited)",
				);
				GCC_WARN_64_TO_32_BIT_CONVERSION = YES;
				GCC_WARN_ABOUT_RETURN_TYPE = YES_ERROR;
				GCC_WARN_UNDECLARED_SELECTOR = YES;
				GCC_WARN_UNINITIALIZED_AUTOS = YES_AGGRESSIVE;
				GCC_WARN_UNUSED_FUNCTION = YES;
				GCC_WARN_UNUSED_VARIABLE = YES;
				IPHONEOS_DEPLOYMENT_TARGET = 15.0;
				MTL_ENABLE_DEBUG_INFO = INCLUDE_SOURCE;
				MTL_FAST_MATH = YES;
				ONLY_ACTIVE_ARCH = YES;
				SDKROOT = iphoneos;
				SWIFT_ACTIVE_COMPILATION_CONDITIONS = DEBUG;
				SWIFT_OPTIMIZATION_LEVEL = "-Onone";
			};
			name = Debug;
		};
		07F1AD0728A256E500792E9A /* Release */ = {
			isa = XCBuildConfiguration;
			buildSettings = {
				ALWAYS_SEARCH_USER_PATHS = NO;
				CLANG_ANALYZER_NONNULL = YES;
				CLANG_ANALYZER_NUMBER_OBJECT_CONVERSION = YES_AGGRESSIVE;
				CLANG_CXX_LANGUAGE_STANDARD = "gnu++17";
				CLANG_CXX_LIBRARY = "libc++";
				CLANG_ENABLE_MODULES = YES;
				CLANG_ENABLE_OBJC_ARC = YES;
				CLANG_ENABLE_OBJC_WEAK = YES;
				CLANG_WARN_BLOCK_CAPTURE_AUTORELEASING = YES;
				CLANG_WARN_BOOL_CONVERSION = YES;
				CLANG_WARN_COMMA = YES;
				CLANG_WARN_CONSTANT_CONVERSION = YES;
				CLANG_WARN_DEPRECATED_OBJC_IMPLEMENTATIONS = YES;
				CLANG_WARN_DIRECT_OBJC_ISA_USAGE = YES_ERROR;
				CLANG_WARN_DOCUMENTATION_COMMENTS = YES;
				CLANG_WARN_EMPTY_BODY = YES;
				CLANG_WARN_ENUM_CONVERSION = YES;
				CLANG_WARN_INFINITE_RECURSION = YES;
				CLANG_WARN_INT_CONVERSION = YES;
				CLANG_WARN_NON_LITERAL_NULL_CONVERSION = YES;
				CLANG_WARN_OBJC_IMPLICIT_RETAIN_SELF = YES;
				CLANG_WARN_OBJC_LITERAL_CONVERSION = YES;
				CLANG_WARN_OBJC_ROOT_CLASS = YES_ERROR;
				CLANG_WARN_QUOTED_INCLUDE_IN_FRAMEWORK_HEADER = YES;
				CLANG_WARN_RANGE_LOOP_ANALYSIS = YES;
				CLANG_WARN_STRICT_PROTOTYPES = YES;
				CLANG_WARN_SUSPICIOUS_MOVE = YES;
				CLANG_WARN_UNGUARDED_AVAILABILITY = YES_AGGRESSIVE;
				CLANG_WARN_UNREACHABLE_CODE = YES;
				CLANG_WARN__DUPLICATE_METHOD_MATCH = YES;
				COPY_PHASE_STRIP = NO;
				DEBUG_INFORMATION_FORMAT = "dwarf-with-dsym";
				ENABLE_NS_ASSERTIONS = NO;
				ENABLE_STRICT_OBJC_MSGSEND = YES;
				GCC_C_LANGUAGE_STANDARD = gnu11;
				GCC_NO_COMMON_BLOCKS = YES;
				GCC_WARN_64_TO_32_BIT_CONVERSION = YES;
				GCC_WARN_ABOUT_RETURN_TYPE = YES_ERROR;
				GCC_WARN_UNDECLARED_SELECTOR = YES;
				GCC_WARN_UNINITIALIZED_AUTOS = YES_AGGRESSIVE;
				GCC_WARN_UNUSED_FUNCTION = YES;
				GCC_WARN_UNUSED_VARIABLE = YES;
				IPHONEOS_DEPLOYMENT_TARGET = 15.0;
				MTL_ENABLE_DEBUG_INFO = NO;
				MTL_FAST_MATH = YES;
				SDKROOT = iphoneos;
				SWIFT_COMPILATION_MODE = wholemodule;
				SWIFT_OPTIMIZATION_LEVEL = "-O";
				VALIDATE_PRODUCT = YES;
			};
			name = Release;
		};
		07F1AD0928A256E500792E9A /* Debug */ = {
			isa = XCBuildConfiguration;
			buildSettings = {
				ASSETCATALOG_COMPILER_APPICON_NAME = AppIcon;
				ASSETCATALOG_COMPILER_GLOBAL_ACCENT_COLOR_NAME = AccentColor;
				CODE_SIGN_STYLE = Automatic;
				CURRENT_PROJECT_VERSION = 1;
				DEVELOPMENT_ASSET_PATHS = "\"swiftui01/Preview Content\"";
				DEVELOPMENT_TEAM = JWZ893HKXY;
				ENABLE_PREVIEWS = YES;
				GENERATE_INFOPLIST_FILE = YES;
				INFOPLIST_KEY_UIApplicationSceneManifest_Generation = YES;
				INFOPLIST_KEY_UIApplicationSupportsIndirectInputEvents = YES;
				INFOPLIST_KEY_UILaunchScreen_Generation = YES;
				INFOPLIST_KEY_UISupportedInterfaceOrientations_iPad = "UIInterfaceOrientationPortrait UIInterfaceOrientationPortraitUpsideDown UIInterfaceOrientationLandscapeLeft UIInterfaceOrientationLandscapeRight";
				INFOPLIST_KEY_UISupportedInterfaceOrientations_iPhone = "UIInterfaceOrientationPortrait UIInterfaceOrientationLandscapeLeft UIInterfaceOrientationLandscapeRight";
				LD_RUNPATH_SEARCH_PATHS = (
					"$(inherited)",
					"@executable_path/Frameworks",
				);
				MARKETING_VERSION = 1.0;
				PRODUCT_BUNDLE_IDENTIFIER = com.example.sxm.swiftui01;
				PRODUCT_NAME = "$(TARGET_NAME)";
				SWIFT_EMIT_LOC_STRINGS = YES;
				SWIFT_VERSION = 5.0;
				TARGETED_DEVICE_FAMILY = "1,2";
			};
			name = Debug;
		};
		07F1AD0A28A256E500792E9A /* Release */ = {
			isa = XCBuildConfiguration;
			buildSettings = {
				ASSETCATALOG_COMPILER_APPICON_NAME = AppIcon;
				ASSETCATALOG_COMPILER_GLOBAL_ACCENT_COLOR_NAME = AccentColor;
				CODE_SIGN_STYLE = Automatic;
				CURRENT_PROJECT_VERSION = 1;
				DEVELOPMENT_ASSET_PATHS = "\"swiftui01/Preview Content\"";
				DEVELOPMENT_TEAM = JWZ893HKXY;
				ENABLE_PREVIEWS = YES;
				GENERATE_INFOPLIST_FILE = YES;
				INFOPLIST_KEY_UIApplicationSceneManifest_Generation = YES;
				INFOPLIST_KEY_UIApplicationSupportsIndirectInputEvents = YES;
				INFOPLIST_KEY_UILaunchScreen_Generation = YES;
				INFOPLIST_KEY_UISupportedInterfaceOrientations_iPad = "UIInterfaceOrientationPortrait UIInterfaceOrientationPortraitUpsideDown UIInterfaceOrientationLandscapeLeft UIInterfaceOrientationLandscapeRight";
				INFOPLIST_KEY_UISupportedInterfaceOrientations_iPhone = "UIInterfaceOrientationPortrait UIInterfaceOrientationLandscapeLeft UIInterfaceOrientationLandscapeRight";
				LD_RUNPATH_SEARCH_PATHS = (
					"$(inherited)",
					"@executable_path/Frameworks",
				);
				MARKETING_VERSION = 1.0;
				PRODUCT_BUNDLE_IDENTIFIER = com.example.sxm.swiftui01;
				PRODUCT_NAME = "$(TARGET_NAME)";
				SWIFT_EMIT_LOC_STRINGS = YES;
				SWIFT_VERSION = 5.0;
				TARGETED_DEVICE_FAMILY = "1,2";
			};
			name = Release;
		};
		07F1AD0C28A256E500792E9A /* Debug */ = {
			isa = XCBuildConfiguration;
			buildSettings = {
				ALWAYS_EMBED_SWIFT_STANDARD_LIBRARIES = YES;
				BUNDLE_LOADER = "$(TEST_HOST)";
				CODE_SIGN_STYLE = Automatic;
				CURRENT_PROJECT_VERSION = 1;
				DEVELOPMENT_TEAM = JWZ893HKXY;
				GENERATE_INFOPLIST_FILE = YES;
				IPHONEOS_DEPLOYMENT_TARGET = 15.0;
				LD_RUNPATH_SEARCH_PATHS = (
					"$(inherited)",
					"@executable_path/Frameworks",
					"@loader_path/Frameworks",
				);
				MARKETING_VERSION = 1.0;
				PRODUCT_BUNDLE_IDENTIFIER = com.example.sxm.swiftui01Tests;
				PRODUCT_NAME = "$(TARGET_NAME)";
				SWIFT_EMIT_LOC_STRINGS = NO;
				SWIFT_VERSION = 5.0;
				TARGETED_DEVICE_FAMILY = "1,2";
				TEST_HOST = "$(BUILT_PRODUCTS_DIR)/swiftui01.app/swiftui01";
			};
			name = Debug;
		};
		07F1AD0D28A256E500792E9A /* Release */ = {
			isa = XCBuildConfiguration;
			buildSettings = {
				ALWAYS_EMBED_SWIFT_STANDARD_LIBRARIES = YES;
				BUNDLE_LOADER = "$(TEST_HOST)";
				CODE_SIGN_STYLE = Automatic;
				CURRENT_PROJECT_VERSION = 1;
				DEVELOPMENT_TEAM = JWZ893HKXY;
				GENERATE_INFOPLIST_FILE = YES;
				IPHONEOS_DEPLOYMENT_TARGET = 15.0;
				LD_RUNPATH_SEARCH_PATHS = (
					"$(inherited)",
					"@executable_path/Frameworks",
					"@loader_path/Frameworks",
				);
				MARKETING_VERSION = 1.0;
				PRODUCT_BUNDLE_IDENTIFIER = com.example.sxm.swiftui01Tests;
				PRODUCT_NAME = "$(TARGET_NAME)";
				SWIFT_EMIT_LOC_STRINGS = NO;
				SWIFT_VERSION = 5.0;
				TARGETED_DEVICE_FAMILY = "1,2";
				TEST_HOST = "$(BUILT_PRODUCTS_DIR)/swiftui01.app/swiftui01";
			};
			name = Release;
		};
		07F1AD0F28A256E500792E9A /* Debug */ = {
			isa = XCBuildConfiguration;
			buildSettings = {
				ALWAYS_EMBED_SWIFT_STANDARD_LIBRARIES = YES;
				CODE_SIGN_STYLE = Automatic;
				CURRENT_PROJECT_VERSION = 1;
				DEVELOPMENT_TEAM = JWZ893HKXY;
				GENERATE_INFOPLIST_FILE = YES;
				LD_RUNPATH_SEARCH_PATHS = (
					"$(inherited)",
					"@executable_path/Frameworks",
					"@loader_path/Frameworks",
				);
				MARKETING_VERSION = 1.0;
				PRODUCT_BUNDLE_IDENTIFIER = com.example.sxm.swiftui01UITests;
				PRODUCT_NAME = "$(TARGET_NAME)";
				SWIFT_EMIT_LOC_STRINGS = NO;
				SWIFT_VERSION = 5.0;
				TARGETED_DEVICE_FAMILY = "1,2";
				TEST_TARGET_NAME = swiftui01;
			};
			name = Debug;
		};
		07F1AD1028A256E500792E9A /* Release */ = {
			isa = XCBuildConfiguration;
			buildSettings = {
				ALWAYS_EMBED_SWIFT_STANDARD_LIBRARIES = YES;
				CODE_SIGN_STYLE = Automatic;
				CURRENT_PROJECT_VERSION = 1;
				DEVELOPMENT_TEAM = JWZ893HKXY;
				GENERATE_INFOPLIST_FILE = YES;
				LD_RUNPATH_SEARCH_PATHS = (
					"$(inherited)",
					"@executable_path/Frameworks",
					"@loader_path/Frameworks",
				);
				MARKETING_VERSION = 1.0;
				PRODUCT_BUNDLE_IDENTIFIER = com.example.sxm.swiftui01UITests;
				PRODUCT_NAME = "$(TARGET_NAME)";
				SWIFT_EMIT_LOC_STRINGS = NO;
				SWIFT_VERSION = 5.0;
				TARGETED_DEVICE_FAMILY = "1,2";
				TEST_TARGET_NAME = swiftui01;
			};
			name = Release;
		};
/* End XCBuildConfiguration section */

/* Begin XCConfigurationList section */
		07F1ACDF28A256E000792E9A /* Build configuration list for PBXProject "swiftui01" */ = {
			isa = XCConfigurationList;
			buildConfigurations = (
				07F1AD0628A256E500792E9A /* Debug */,
				07F1AD0728A256E500792E9A /* Release */,
			);
			defaultConfigurationIsVisible = 0;
			defaultConfigurationName = Release;
		};
		07F1AD0828A256E500792E9A /* Build configuration list for PBXNativeTarget "swiftui01" */ = {
			isa = XCConfigurationList;
			buildConfigurations = (
				07F1AD0928A256E500792E9A /* Debug */,
				07F1AD0A28A256E500792E9A /* Release */,
			);
			defaultConfigurationIsVisible = 0;
			defaultConfigurationName = Release;
		};
		07F1AD0B28A256E500792E9A /* Build configuration list for PBXNativeTarget "swiftui01Tests" */ = {
			isa = XCConfigurationList;
			buildConfigurations = (
				07F1AD0C28A256E500792E9A /* Debug */,
				07F1AD0D28A256E500792E9A /* Release */,
			);
			defaultConfigurationIsVisible = 0;
			defaultConfigurationName = Release;
		};
		07F1AD0E28A256E500792E9A /* Build configuration list for PBXNativeTarget "swiftui01UITests" */ = {
			isa = XCConfigurationList;
			buildConfigurations = (
				07F1AD0F28A256E500792E9A /* Debug */,
				07F1AD1028A256E500792E9A /* Release */,
			);
			defaultConfigurationIsVisible = 0;
			defaultConfigurationName = Release;
		};
/* End XCConfigurationList section */
	};
	rootObject = 07F1ACDC28A256E000792E9A /* Project object */;
}
