// !$*UTF8*$!
{
	archiveVersion = 1;
	classes = {
	};
	objectVersion = 55;
	objects = {

/* Begin PBXBuildFile section */
		07F1AEBC28A63D1000792E9A /* MeView.swift in Sources */ = {isa = PBXBuildFile; fileRef = 07F1AEBB28A63D1000792E9A /* MeView.swift */; };
		07F1AEBF28A63D6A00792E9A /* ContactsView.swift in Sources */ = {isa = PBXBuildFile; fileRef = 07F1AEBE28A63D6A00792E9A /* ContactsView.swift */; };
		07F1AEF928A6591B00792E9A /* ExplorationListView.swift in Sources */ = {isa = PBXBuildFile; fileRef = 07F1AEF828A6591B00792E9A /* ExplorationListView.swift */; };
		8EDB1A80279A80F7001600B5 /* UI_ComponentApp.swift in Sources */ = {isa = PBXBuildFile; fileRef = 8EDB1A7F279A80F7001600B5 /* UI_ComponentApp.swift */; };
		8EDB1A82279A80F7001600B5 /* HomeView.swift in Sources */ = {isa = PBXBuildFile; fileRef = 8EDB1A81279A80F7001600B5 /* HomeView.swift */; };
		8EDB1A84279A80FD001600B5 /* Assets.xcassets in Resources */ = {isa = PBXBuildFile; fileRef = 8EDB1A83279A80FD001600B5 /* Assets.xcassets */; };
		8EDB1A87279A80FD001600B5 /* Preview Assets.xcassets in Resources */ = {isa = PBXBuildFile; fileRef = 8EDB1A86279A80FD001600B5 /* Preview Assets.xcassets */; };
		8EE3807A279A89B900A19AE4 /* ExplorationView.swift in Sources */ = {isa = PBXBuildFile; fileRef = 8EE38079279A89B900A19AE4 /* ExplorationView.swift */; };
		8EE3807C279A8BB200A19AE4 /* TimelineView.swift in Sources */ = {isa = PBXBuildFile; fileRef = 8EE3807B279A8BB200A19AE4 /* TimelineView.swift */; };
		8EFF8CF1279AAB3A00956FA1 /* TimelineHeaderView.swift in Sources */ = {isa = PBXBuildFile; fileRef = 8EFF8CF0279AAB3A00956FA1 /* TimelineHeaderView.swift */; };
		8EFF8CF3279AABF200956FA1 /* TimelineContentView.swift in Sources */ = {isa = PBXBuildFile; fileRef = 8EFF8CF2279AABF200956FA1 /* TimelineContentView.swift */; };
		8EFF8CF5279ABC4A00956FA1 /* TimelineContentItemView.swift in Sources */ = {isa = PBXBuildFile; fileRef = 8EFF8CF4279ABC4A00956FA1 /* TimelineContentItemView.swift */; };
		8EFF8CF7279ABD0300956FA1 /* TimelinkContentLikeView.swift in Sources */ = {isa = PBXBuildFile; fileRef = 8EFF8CF6279ABD0300956FA1 /* TimelinkContentLikeView.swift */; };
/* End PBXBuildFile section */

/* Begin PBXFileReference section */
		07F1AEBB28A63D1000792E9A /* MeView.swift */ = {isa = PBXFileReference; lastKnownFileType = sourcecode.swift; path = MeView.swift; sourceTree = "<group>"; };
		07F1AEBE28A63D6A00792E9A /* ContactsView.swift */ = {isa = PBXFileReference; lastKnownFileType = sourcecode.swift; path = ContactsView.swift; sourceTree = "<group>"; };
		07F1AEF828A6591B00792E9A /* ExplorationListView.swift */ = {isa = PBXFileReference; lastKnownFileType = sourcecode.swift; path = ExplorationListView.swift; sourceTree = "<group>"; };
		8EDB1A7C279A80F7001600B5 /* UI Component.app */ = {isa = PBXFileReference; explicitFileType = wrapper.application; includeInIndex = 0; path = "UI Component.app"; sourceTree = BUILT_PRODUCTS_DIR; };
		8EDB1A7F279A80F7001600B5 /* UI_ComponentApp.swift */ = {isa = PBXFileReference; lastKnownFileType = sourcecode.swift; path = UI_ComponentApp.swift; sourceTree = "<group>"; };
		8EDB1A81279A80F7001600B5 /* HomeView.swift */ = {isa = PBXFileReference; lastKnownFileType = sourcecode.swift; path = HomeView.swift; sourceTree = "<group>"; };
		8EDB1A83279A80FD001600B5 /* Assets.xcassets */ = {isa = PBXFileReference; lastKnownFileType = folder.assetcatalog; path = Assets.xcassets; sourceTree = "<group>"; };
		8EDB1A86279A80FD001600B5 /* Preview Assets.xcassets */ = {isa = PBXFileReference; lastKnownFileType = folder.assetcatalog; path = "Preview Assets.xcassets"; sourceTree = "<group>"; };
		8EE38079279A89B900A19AE4 /* ExplorationView.swift */ = {isa = PBXFileReference; lastKnownFileType = sourcecode.swift; path = ExplorationView.swift; sourceTree = "<group>"; };
		8EE3807B279A8BB200A19AE4 /* TimelineView.swift */ = {isa = PBXFileReference; lastKnownFileType = sourcecode.swift; path = TimelineView.swift; sourceTree = "<group>"; };
		8EFF8CF0279AAB3A00956FA1 /* TimelineHeaderView.swift */ = {isa = PBXFileReference; lastKnownFileType = sourcecode.swift; path = TimelineHeaderView.swift; sourceTree = "<group>"; };
		8EFF8CF2279AABF200956FA1 /* TimelineContentView.swift */ = {isa = PBXFileReference; lastKnownFileType = sourcecode.swift; path = TimelineContentView.swift; sourceTree = "<group>"; };
		8EFF8CF4279ABC4A00956FA1 /* TimelineContentItemView.swift */ = {isa = PBXFileReference; lastKnownFileType = sourcecode.swift; path = TimelineContentItemView.swift; sourceTree = "<group>"; };
		8EFF8CF6279ABD0300956FA1 /* TimelinkContentLikeView.swift */ = {isa = PBXFileReference; lastKnownFileType = sourcecode.swift; path = TimelinkContentLikeView.swift; sourceTree = "<group>"; };
/* End PBXFileReference section */

/* Begin PBXFrameworksBuildPhase section */
		8EDB1A79279A80F7001600B5 /* Frameworks */ = {
			isa = PBXFrameworksBuildPhase;
			buildActionMask = 2147483647;
			files = (
			);
			runOnlyForDeploymentPostprocessing = 0;
		};
/* End PBXFrameworksBuildPhase section */

/* Begin PBXGroup section */
		07F1AEBA28A63CF500792E9A /* Me */ = {
			isa = PBXGroup;
			children = (
				07F1AEBB28A63D1000792E9A /* MeView.swift */,
			);
			path = Me;
			sourceTree = "<group>";
		};
		07F1AEBD28A63D4600792E9A /* Contacts */ = {
			isa = PBXGroup;
			children = (
				07F1AEBE28A63D6A00792E9A /* ContactsView.swift */,
			);
			path = Contacts;
			sourceTree = "<group>";
		};
		07F1AEFA28A6597700792E9A /* View */ = {
			isa = PBXGroup;
			children = (
				8EE38079279A89B900A19AE4 /* ExplorationView.swift */,
				07F1AEF828A6591B00792E9A /* ExplorationListView.swift */,
			);
			path = View;
			sourceTree = "<group>";
		};
		8EDB1A73279A80F7001600B5 = {
			isa = PBXGroup;
			children = (
				8EDB1A7E279A80F7001600B5 /* UI Component */,
				8EDB1A7D279A80F7001600B5 /* Products */,
			);
			sourceTree = "<group>";
		};
		8EDB1A7D279A80F7001600B5 /* Products */ = {
			isa = PBXGroup;
			children = (
				8EDB1A7C279A80F7001600B5 /* UI Component.app */,
			);
			name = Products;
			sourceTree = "<group>";
		};
		8EDB1A7E279A80F7001600B5 /* UI Component */ = {
			isa = PBXGroup;
			children = (
				07F1AEBD28A63D4600792E9A /* Contacts */,
				07F1AEBA28A63CF500792E9A /* Me */,
				8EFF8CEB279AAA7900956FA1 /* Application */,
				8EFF8CEC279AAA9100956FA1 /* Home */,
				8EFF8CED279AAAA100956FA1 /* Exploration */,
				8EFF8CEE279AAAAD00956FA1 /* Timeline */,
				8EDB1A83279A80FD001600B5 /* Assets.xcassets */,
				8EDB1A85279A80FD001600B5 /* Preview Content */,
			);
			path = "UI Component";
			sourceTree = "<group>";
		};
		8EDB1A85279A80FD001600B5 /* Preview Content */ = {
			isa = PBXGroup;
			children = (
				8EDB1A86279A80FD001600B5 /* Preview Assets.xcassets */,
			);
			path = "Preview Content";
			sourceTree = "<group>";
		};
		8EFF8CEB279AAA7900956FA1 /* Application */ = {
			isa = PBXGroup;
			children = (
				8EDB1A7F279A80F7001600B5 /* UI_ComponentApp.swift */,
			);
			path = Application;
			sourceTree = "<group>";
		};
		8EFF8CEC279AAA9100956FA1 /* Home */ = {
			isa = PBXGroup;
			children = (
				8EDB1A81279A80F7001600B5 /* HomeView.swift */,
			);
			path = Home;
			sourceTree = "<group>";
		};
		8EFF8CED279AAAA100956FA1 /* Exploration */ = {
			isa = PBXGroup;
			children = (
				07F1AEFA28A6597700792E9A /* View */,
			);
			path = Exploration;
			sourceTree = "<group>";
		};
		8EFF8CEE279AAAAD00956FA1 /* Timeline */ = {
			isa = PBXGroup;
			children = (
				8EFF8CEF279AAB2C00956FA1 /* View */,
			);
			path = Timeline;
			sourceTree = "<group>";
		};
		8EFF8CEF279AAB2C00956FA1 /* View */ = {
			isa = PBXGroup;
			children = (
				8EE3807B279A8BB200A19AE4 /* TimelineView.swift */,
				8EFF8CF0279AAB3A00956FA1 /* TimelineHeaderView.swift */,
				8EFF8CF2279AABF200956FA1 /* TimelineContentView.swift */,
				8EFF8CF4279ABC4A00956FA1 /* TimelineContentItemView.swift */,
				8EFF8CF6279ABD0300956FA1 /* TimelinkContentLikeView.swift */,
			);
			path = View;
			sourceTree = "<group>";
		};
/* End PBXGroup section */

/* Begin PBXNativeTarget section */
		8EDB1A7B279A80F7001600B5 /* UI Component */ = {
			isa = PBXNativeTarget;
			buildConfigurationList = 8EDB1A8A279A80FD001600B5 /* Build configuration list for PBXNativeTarget "UI Component" */;
			buildPhases = (
				8EDB1A78279A80F7001600B5 /* Sources */,
				8EDB1A79279A80F7001600B5 /* Frameworks */,
				8EDB1A7A279A80F7001600B5 /* Resources */,
			);
			buildRules = (
			);
			dependencies = (
			);
			name = "UI Component";
			productName = "UI Component";
			productReference = 8EDB1A7C279A80F7001600B5 /* UI Component.app */;
			productType = "com.apple.product-type.application";
		};
/* End PBXNativeTarget section */

/* Begin PBXProject section */
		8EDB1A74279A80F7001600B5 /* Project object */ = {
			isa = PBXProject;
			attributes = {
				BuildIndependentTargetsInParallel = 1;
				LastSwiftUpdateCheck = 1320;
				LastUpgradeCheck = 1320;
				TargetAttributes = {
					8EDB1A7B279A80F7001600B5 = {
						CreatedOnToolsVersion = 13.2.1;
					};
				};
			};
			buildConfigurationList = 8EDB1A77279A80F7001600B5 /* Build configuration list for PBXProject "UI Component" */;
			compatibilityVersion = "Xcode 13.0";
			developmentRegion = en;
			hasScannedForEncodings = 0;
			knownRegions = (
				en,
				Base,
			);
			mainGroup = 8EDB1A73279A80F7001600B5;
			productRefGroup = 8EDB1A7D279A80F7001600B5 /* Products */;
			projectDirPath = "";
			projectRoot = "";
			targets = (
				8EDB1A7B279A80F7001600B5 /* UI Component */,
			);
		};
/* End PBXProject section */

/* Begin PBXResourcesBuildPhase section */
		8EDB1A7A279A80F7001600B5 /* Resources */ = {
			isa = PBXResourcesBuildPhase;
			buildActionMask = 2147483647;
			files = (
				8EDB1A87279A80FD001600B5 /* Preview Assets.xcassets in Resources */,
				8EDB1A84279A80FD001600B5 /* Assets.xcassets in Resources */,
			);
			runOnlyForDeploymentPostprocessing = 0;
		};
/* End PBXResourcesBuildPhase section */

/* Begin PBXSourcesBuildPhase section */
		8EDB1A78279A80F7001600B5 /* Sources */ = {
			isa = PBXSourcesBuildPhase;
			buildActionMask = 2147483647;
			files = (
				8EFF8CF7279ABD0300956FA1 /* TimelinkContentLikeView.swift in Sources */,
				8EE3807A279A89B900A19AE4 /* ExplorationView.swift in Sources */,
				8EFF8CF5279ABC4A00956FA1 /* TimelineContentItemView.swift in Sources */,
				07F1AEF928A6591B00792E9A /* ExplorationListView.swift in Sources */,
				07F1AEBF28A63D6A00792E9A /* ContactsView.swift in Sources */,
				8EDB1A82279A80F7001600B5 /* HomeView.swift in Sources */,
				8EDB1A80279A80F7001600B5 /* UI_ComponentApp.swift in Sources */,
				8EFF8CF3279AABF200956FA1 /* TimelineContentView.swift in Sources */,
				07F1AEBC28A63D1000792E9A /* MeView.swift in Sources */,
				8EE3807C279A8BB200A19AE4 /* TimelineView.swift in Sources */,
				8EFF8CF1279AAB3A00956FA1 /* TimelineHeaderView.swift in Sources */,
			);
			runOnlyForDeploymentPostprocessing = 0;
		};
/* End PBXSourcesBuildPhase section */

/* Begin XCBuildConfiguration section */
		8EDB1A88279A80FD001600B5 /* Debug */ = {
			isa = XCBuildConfiguration;
			buildSettings = {
				ALWAYS_SEARCH_USER_PATHS = NO;
				CLANG_ANALYZER_NONNULL = YES;
				CLANG_ANALYZER_NUMBER_OBJECT_CONVERSION = YES_AGGRESSIVE;
				CLANG_CXX_LANGUAGE_STANDARD = "gnu++17";
				CLANG_CXX_LIBRARY = "libc++";
				CLANG_ENABLE_MODULES = YES;
				CLANG_ENABLE_OBJC_ARC = YES;
				CLANG_ENABLE_OBJC_WEAK = YES;
				CLANG_WARN_BLOCK_CAPTURE_AUTORELEASING = YES;
				CLANG_WARN_BOOL_CONVERSION = YES;
				CLANG_WARN_COMMA = YES;
				CLANG_WARN_CONSTANT_CONVERSION = YES;
				CLANG_WARN_DEPRECATED_OBJC_IMPLEMENTATIONS = YES;
				CLANG_WARN_DIRECT_OBJC_ISA_USAGE = YES_ERROR;
				CLANG_WARN_DOCUMENTATION_COMMENTS = YES;
				CLANG_WARN_EMPTY_BODY = YES;
				CLANG_WARN_ENUM_CONVERSION = YES;
				CLANG_WARN_INFINITE_RECURSION = YES;
				CLANG_WARN_INT_CONVERSION = YES;
				CLANG_WARN_NON_LITERAL_NULL_CONVERSION = YES;
				CLANG_WARN_OBJC_IMPLICIT_RETAIN_SELF = YES;
				CLANG_WARN_OBJC_LITERAL_CONVERSION = YES;
				CLANG_WARN_OBJC_ROOT_CLASS = YES_ERROR;
				CLANG_WARN_QUOTED_INCLUDE_IN_FRAMEWORK_HEADER = YES;
				CLANG_WARN_RANGE_LOOP_ANALYSIS = YES;
				CLANG_WARN_STRICT_PROTOTYPES = YES;
				CLANG_WARN_SUSPICIOUS_MOVE = YES;
				CLANG_WARN_UNGUARDED_AVAILABILITY = YES_AGGRESSIVE;
				CLANG_WARN_UNREACHABLE_CODE = YES;
				CLANG_WARN__DUPLICATE_METHOD_MATCH = YES;
				COPY_PHASE_STRIP = NO;
				DEBUG_INFORMATION_FORMAT = dwarf;
				ENABLE_STRICT_OBJC_MSGSEND = YES;
				ENABLE_TESTABILITY = YES;
				GCC_C_LANGUAGE_STANDARD = gnu11;
				GCC_DYNAMIC_NO_PIC = NO;
				GCC_NO_COMMON_BLOCKS = YES;
				GCC_OPTIMIZATION_LEVEL = 0;
				GCC_PREPROCESSOR_DEFINITIONS = (
					"DEBUG=1",
					"$(inherited)",
				);
				GCC_WARN_64_TO_32_BIT_CONVERSION = YES;
				GCC_WARN_ABOUT_RETURN_TYPE = YES_ERROR;
				GCC_WARN_UNDECLARED_SELECTOR = YES;
				GCC_WARN_UNINITIALIZED_AUTOS = YES_AGGRESSIVE;
				GCC_WARN_UNUSED_FUNCTION = YES;
				GCC_WARN_UNUSED_VARIABLE = YES;
				IPHONEOS_DEPLOYMENT_TARGET = 15.0;
				MTL_ENABLE_DEBUG_INFO = INCLUDE_SOURCE;
				MTL_FAST_MATH = YES;
				ONLY_ACTIVE_ARCH = YES;
				SDKROOT = iphoneos;
				SWIFT_ACTIVE_COMPILATION_CONDITIONS = DEBUG;
				SWIFT_OPTIMIZATION_LEVEL = "-Onone";
			};
			name = Debug;
		};
		8EDB1A89279A80FD001600B5 /* Release */ = {
			isa = XCBuildConfiguration;
			buildSettings = {
				ALWAYS_SEARCH_USER_PATHS = NO;
				CLANG_ANALYZER_NONNULL = YES;
				CLANG_ANALYZER_NUMBER_OBJECT_CONVERSION = YES_AGGRESSIVE;
				CLANG_CXX_LANGUAGE_STANDARD = "gnu++17";
				CLANG_CXX_LIBRARY = "libc++";
				CLANG_ENABLE_MODULES = YES;
				CLANG_ENABLE_OBJC_ARC = YES;
				CLANG_ENABLE_OBJC_WEAK = YES;
				CLANG_WARN_BLOCK_CAPTURE_AUTORELEASING = YES;
				CLANG_WARN_BOOL_CONVERSION = YES;
				CLANG_WARN_COMMA = YES;
				CLANG_WARN_CONSTANT_CONVERSION = YES;
				CLANG_WARN_DEPRECATED_OBJC_IMPLEMENTATIONS = YES;
				CLANG_WARN_DIRECT_OBJC_ISA_USAGE = YES_ERROR;
				CLANG_WARN_DOCUMENTATION_COMMENTS = YES;
				CLANG_WARN_EMPTY_BODY = YES;
				CLANG_WARN_ENUM_CONVERSION = YES;
				CLANG_WARN_INFINITE_RECURSION = YES;
				CLANG_WARN_INT_CONVERSION = YES;
				CLANG_WARN_NON_LITERAL_NULL_CONVERSION = YES;
				CLANG_WARN_OBJC_IMPLICIT_RETAIN_SELF = YES;
				CLANG_WARN_OBJC_LITERAL_CONVERSION = YES;
				CLANG_WARN_OBJC_ROOT_CLASS = YES_ERROR;
				CLANG_WARN_QUOTED_INCLUDE_IN_FRAMEWORK_HEADER = YES;
				CLANG_WARN_RANGE_LOOP_ANALYSIS = YES;
				CLANG_WARN_STRICT_PROTOTYPES = YES;
				CLANG_WARN_SUSPICIOUS_MOVE = YES;
				CLANG_WARN_UNGUARDED_AVAILABILITY = YES_AGGRESSIVE;
				CLANG_WARN_UNREACHABLE_CODE = YES;
				CLANG_WARN__DUPLICATE_METHOD_MATCH = YES;
				COPY_PHASE_STRIP = NO;
				DEBUG_INFORMATION_FORMAT = "dwarf-with-dsym";
				ENABLE_NS_ASSERTIONS = NO;
				ENABLE_STRICT_OBJC_MSGSEND = YES;
				GCC_C_LANGUAGE_STANDARD = gnu11;
				GCC_NO_COMMON_BLOCKS = YES;
				GCC_WARN_64_TO_32_BIT_CONVERSION = YES;
				GCC_WARN_ABOUT_RETURN_TYPE = YES_ERROR;
				GCC_WARN_UNDECLARED_SELECTOR = YES;
				GCC_WARN_UNINITIALIZED_AUTOS = YES_AGGRESSIVE;
				GCC_WARN_UNUSED_FUNCTION = YES;
				GCC_WARN_UNUSED_VARIABLE = YES;
				IPHONEOS_DEPLOYMENT_TARGET = 15.0;
				MTL_ENABLE_DEBUG_INFO = NO;
				MTL_FAST_MATH = YES;
				SDKROOT = iphoneos;
				SWIFT_COMPILATION_MODE = wholemodule;
				SWIFT_OPTIMIZATION_LEVEL = "-O";
				VALIDATE_PRODUCT = YES;
			};
			name = Release;
		};
		8EDB1A8B279A80FD001600B5 /* Debug */ = {
			isa = XCBuildConfiguration;
			buildSettings = {
				ASSETCATALOG_COMPILER_APPICON_NAME = AppIcon;
				ASSETCATALOG_COMPILER_GLOBAL_ACCENT_COLOR_NAME = AccentColor;
				CODE_SIGN_STYLE = Automatic;
				CURRENT_PROJECT_VERSION = 1;
				DEVELOPMENT_ASSET_PATHS = "\"UI Component/Preview Content\"";
				DEVELOPMENT_TEAM = JWZ893HKXY;
				ENABLE_PREVIEWS = YES;
				GENERATE_INFOPLIST_FILE = YES;
				INFOPLIST_KEY_UIApplicationSceneManifest_Generation = YES;
				INFOPLIST_KEY_UIApplicationSupportsIndirectInputEvents = YES;
				INFOPLIST_KEY_UILaunchScreen_Generation = YES;
				INFOPLIST_KEY_UISupportedInterfaceOrientations_iPad = "UIInterfaceOrientationPortrait UIInterfaceOrientationPortraitUpsideDown UIInterfaceOrientationLandscapeLeft UIInterfaceOrientationLandscapeRight";
				INFOPLIST_KEY_UISupportedInterfaceOrientations_iPhone = "UIInterfaceOrientationPortrait UIInterfaceOrientationLandscapeLeft UIInterfaceOrientationLandscapeRight";
				IPHONEOS_DEPLOYMENT_TARGET = 15.0;
				LD_RUNPATH_SEARCH_PATHS = (
					"$(inherited)",
					"@executable_path/Frameworks",
				);
				MARKETING_VERSION = 1.0;
				PRODUCT_BUNDLE_IDENTIFIER = "com.thoughtworks.iot.UI-Component";
				PRODUCT_NAME = "$(TARGET_NAME)";
				SWIFT_EMIT_LOC_STRINGS = YES;
				SWIFT_VERSION = 5.0;
				TARGETED_DEVICE_FAMILY = "1,2";
			};
			name = Debug;
		};
		8EDB1A8C279A80FD001600B5 /* Release */ = {
			isa = XCBuildConfiguration;
			buildSettings = {
				ASSETCATALOG_COMPILER_APPICON_NAME = AppIcon;
				ASSETCATALOG_COMPILER_GLOBAL_ACCENT_COLOR_NAME = AccentColor;
				CODE_SIGN_STYLE = Automatic;
				CURRENT_PROJECT_VERSION = 1;
				DEVELOPMENT_ASSET_PATHS = "\"UI Component/Preview Content\"";
				DEVELOPMENT_TEAM = JWZ893HKXY;
				ENABLE_PREVIEWS = YES;
				GENERATE_INFOPLIST_FILE = YES;
				INFOPLIST_KEY_UIApplicationSceneManifest_Generation = YES;
				INFOPLIST_KEY_UIApplicationSupportsIndirectInputEvents = YES;
				INFOPLIST_KEY_UILaunchScreen_Generation = YES;
				INFOPLIST_KEY_UISupportedInterfaceOrientations_iPad = "UIInterfaceOrientationPortrait UIInterfaceOrientationPortraitUpsideDown UIInterfaceOrientationLandscapeLeft UIInterfaceOrientationLandscapeRight";
				INFOPLIST_KEY_UISupportedInterfaceOrientations_iPhone = "UIInterfaceOrientationPortrait UIInterfaceOrientationLandscapeLeft UIInterfaceOrientationLandscapeRight";
				IPHONEOS_DEPLOYMENT_TARGET = 15.0;
				LD_RUNPATH_SEARCH_PATHS = (
					"$(inherited)",
					"@executable_path/Frameworks",
				);
				MARKETING_VERSION = 1.0;
				PRODUCT_BUNDLE_IDENTIFIER = "com.thoughtworks.iot.UI-Component";
				PRODUCT_NAME = "$(TARGET_NAME)";
				SWIFT_EMIT_LOC_STRINGS = YES;
				SWIFT_VERSION = 5.0;
				TARGETED_DEVICE_FAMILY = "1,2";
			};
			name = Release;
		};
/* End XCBuildConfiguration section */

/* Begin XCConfigurationList section */
		8EDB1A77279A80F7001600B5 /* Build configuration list for PBXProject "UI Component" */ = {
			isa = XCConfigurationList;
			buildConfigurations = (
				8EDB1A88279A80FD001600B5 /* Debug */,
				8EDB1A89279A80FD001600B5 /* Release */,
			);
			defaultConfigurationIsVisible = 0;
			defaultConfigurationName = Release;
		};
		8EDB1A8A279A80FD001600B5 /* Build configuration list for PBXNativeTarget "UI Component" */ = {
			isa = XCConfigurationList;
			buildConfigurations = (
				8EDB1A8B279A80FD001600B5 /* Debug */,
				8EDB1A8C279A80FD001600B5 /* Release */,
			);
			defaultConfigurationIsVisible = 0;
			defaultConfigurationName = Release;
		};
/* End XCConfigurationList section */
	};
	rootObject = 8EDB1A74279A80F7001600B5 /* Project object */;
}
