// !$*UTF8*$!
{
	archiveVersion = 1;
	classes = {
	};
	objectVersion = 55;
	objects = {

/* Begin PBXBuildFile section */
		645FD979288FFB860062AD1D /* AppDelegate.swift in Sources */ = {isa = PBXBuildFile; fileRef = 645FD978288FFB860062AD1D /* AppDelegate.swift */; };
		645FD97B288FFB860062AD1D /* SceneDelegate.swift in Sources */ = {isa = PBXBuildFile; fileRef = 645FD97A288FFB860062AD1D /* SceneDelegate.swift */; };
		645FD97D288FFB860062AD1D /* ViewController.swift in Sources */ = {isa = PBXBuildFile; fileRef = 645FD97C288FFB860062AD1D /* ViewController.swift */; };
		645FD980288FFB860062AD1D /* Main.storyboard in Resources */ = {isa = PBXBuildFile; fileRef = 645FD97E288FFB860062AD1D /* Main.storyboard */; };
		645FD982288FFB8A0062AD1D /* Assets.xcassets in Resources */ = {isa = PBXBuildFile; fileRef = 645FD981288FFB8A0062AD1D /* Assets.xcassets */; };
		645FD985288FFB8A0062AD1D /* LaunchScreen.storyboard in Resources */ = {isa = PBXBuildFile; fileRef = 645FD983288FFB8A0062AD1D /* LaunchScreen.storyboard */; };
		645FD990288FFB8A0062AD1D /* TodoTests.swift in Sources */ = {isa = PBXBuildFile; fileRef = 645FD98F288FFB8A0062AD1D /* TodoTests.swift */; };
		645FD99A288FFB8A0062AD1D /* TodoUITests.swift in Sources */ = {isa = PBXBuildFile; fileRef = 645FD999288FFB8A0062AD1D /* TodoUITests.swift */; };
		645FD99C288FFB8A0062AD1D /* TodoUITestsLaunchTests.swift in Sources */ = {isa = PBXBuildFile; fileRef = 645FD99B288FFB8A0062AD1D /* TodoUITestsLaunchTests.swift */; };
		645FD9A9289042970062AD1D /* StorageManager.swift in Sources */ = {isa = PBXBuildFile; fileRef = 645FD9A8289042970062AD1D /* StorageManager.swift */; };
/* End PBXBuildFile section */

/* Begin PBXContainerItemProxy section */
		645FD98C288FFB8A0062AD1D /* PBXContainerItemProxy */ = {
			isa = PBXContainerItemProxy;
			containerPortal = 645FD96D288FFB860062AD1D /* Project object */;
			proxyType = 1;
			remoteGlobalIDString = 645FD974288FFB860062AD1D;
			remoteInfo = Todo;
		};
		645FD996288FFB8A0062AD1D /* PBXContainerItemProxy */ = {
			isa = PBXContainerItemProxy;
			containerPortal = 645FD96D288FFB860062AD1D /* Project object */;
			proxyType = 1;
			remoteGlobalIDString = 645FD974288FFB860062AD1D;
			remoteInfo = Todo;
		};
/* End PBXContainerItemProxy section */

/* Begin PBXFileReference section */
		645FD975288FFB860062AD1D /* Todo.app */ = {isa = PBXFileReference; explicitFileType = wrapper.application; includeInIndex = 0; path = Todo.app; sourceTree = BUILT_PRODUCTS_DIR; };
		645FD978288FFB860062AD1D /* AppDelegate.swift */ = {isa = PBXFileReference; lastKnownFileType = sourcecode.swift; path = AppDelegate.swift; sourceTree = "<group>"; };
		645FD97A288FFB860062AD1D /* SceneDelegate.swift */ = {isa = PBXFileReference; lastKnownFileType = sourcecode.swift; path = SceneDelegate.swift; sourceTree = "<group>"; };
		645FD97C288FFB860062AD1D /* ViewController.swift */ = {isa = PBXFileReference; lastKnownFileType = sourcecode.swift; path = ViewController.swift; sourceTree = "<group>"; };
		645FD97F288FFB860062AD1D /* Base */ = {isa = PBXFileReference; lastKnownFileType = file.storyboard; name = Base; path = Base.lproj/Main.storyboard; sourceTree = "<group>"; };
		645FD981288FFB8A0062AD1D /* Assets.xcassets */ = {isa = PBXFileReference; lastKnownFileType = folder.assetcatalog; path = Assets.xcassets; sourceTree = "<group>"; };
		645FD984288FFB8A0062AD1D /* Base */ = {isa = PBXFileReference; lastKnownFileType = file.storyboard; name = Base; path = Base.lproj/LaunchScreen.storyboard; sourceTree = "<group>"; };
		645FD986288FFB8A0062AD1D /* Info.plist */ = {isa = PBXFileReference; lastKnownFileType = text.plist.xml; path = Info.plist; sourceTree = "<group>"; };
		645FD98B288FFB8A0062AD1D /* TodoTests.xctest */ = {isa = PBXFileReference; explicitFileType = wrapper.cfbundle; includeInIndex = 0; path = TodoTests.xctest; sourceTree = BUILT_PRODUCTS_DIR; };
		645FD98F288FFB8A0062AD1D /* TodoTests.swift */ = {isa = PBXFileReference; lastKnownFileType = sourcecode.swift; path = TodoTests.swift; sourceTree = "<group>"; };
		645FD995288FFB8A0062AD1D /* TodoUITests.xctest */ = {isa = PBXFileReference; explicitFileType = wrapper.cfbundle; includeInIndex = 0; path = TodoUITests.xctest; sourceTree = BUILT_PRODUCTS_DIR; };
		645FD999288FFB8A0062AD1D /* TodoUITests.swift */ = {isa = PBXFileReference; lastKnownFileType = sourcecode.swift; path = TodoUITests.swift; sourceTree = "<group>"; };
		645FD99B288FFB8A0062AD1D /* TodoUITestsLaunchTests.swift */ = {isa = PBXFileReference; lastKnownFileType = sourcecode.swift; path = TodoUITestsLaunchTests.swift; sourceTree = "<group>"; };
		645FD9A8289042970062AD1D /* StorageManager.swift */ = {isa = PBXFileReference; lastKnownFileType = sourcecode.swift; path = StorageManager.swift; sourceTree = "<group>"; };
/* End PBXFileReference section */

/* Begin PBXFrameworksBuildPhase section */
		645FD972288FFB860062AD1D /* Frameworks */ = {
			isa = PBXFrameworksBuildPhase;
			buildActionMask = 2147483647;
			files = (
			);
			runOnlyForDeploymentPostprocessing = 0;
		};
		645FD988288FFB8A0062AD1D /* Frameworks */ = {
			isa = PBXFrameworksBuildPhase;
			buildActionMask = 2147483647;
			files = (
			);
			runOnlyForDeploymentPostprocessing = 0;
		};
		645FD992288FFB8A0062AD1D /* Frameworks */ = {
			isa = PBXFrameworksBuildPhase;
			buildActionMask = 2147483647;
			files = (
			);
			runOnlyForDeploymentPostprocessing = 0;
		};
/* End PBXFrameworksBuildPhase section */

/* Begin PBXGroup section */
		645FD96C288FFB860062AD1D = {
			isa = PBXGroup;
			children = (
				645FD977288FFB860062AD1D /* Todo */,
				645FD98E288FFB8A0062AD1D /* TodoTests */,
				645FD998288FFB8A0062AD1D /* TodoUITests */,
				645FD976288FFB860062AD1D /* Products */,
			);
			sourceTree = "<group>";
		};
		645FD976288FFB860062AD1D /* Products */ = {
			isa = PBXGroup;
			children = (
				645FD975288FFB860062AD1D /* Todo.app */,
				645FD98B288FFB8A0062AD1D /* TodoTests.xctest */,
				645FD995288FFB8A0062AD1D /* TodoUITests.xctest */,
			);
			name = Products;
			sourceTree = "<group>";
		};
		645FD977288FFB860062AD1D /* Todo */ = {
			isa = PBXGroup;
			children = (
				645FD978288FFB860062AD1D /* AppDelegate.swift */,
				645FD97A288FFB860062AD1D /* SceneDelegate.swift */,
				645FD97C288FFB860062AD1D /* ViewController.swift */,
				645FD97E288FFB860062AD1D /* Main.storyboard */,
				645FD981288FFB8A0062AD1D /* Assets.xcassets */,
				645FD983288FFB8A0062AD1D /* LaunchScreen.storyboard */,
				645FD986288FFB8A0062AD1D /* Info.plist */,
				645FD9A8289042970062AD1D /* StorageManager.swift */,
			);
			path = Todo;
			sourceTree = "<group>";
		};
		645FD98E288FFB8A0062AD1D /* TodoTests */ = {
			isa = PBXGroup;
			children = (
				645FD98F288FFB8A0062AD1D /* TodoTests.swift */,
			);
			path = TodoTests;
			sourceTree = "<group>";
		};
		645FD998288FFB8A0062AD1D /* TodoUITests */ = {
			isa = PBXGroup;
			children = (
				645FD999288FFB8A0062AD1D /* TodoUITests.swift */,
				645FD99B288FFB8A0062AD1D /* TodoUITestsLaunchTests.swift */,
			);
			path = TodoUITests;
			sourceTree = "<group>";
		};
/* End PBXGroup section */

/* Begin PBXNativeTarget section */
		645FD974288FFB860062AD1D /* Todo */ = {
			isa = PBXNativeTarget;
			buildConfigurationList = 645FD99F288FFB8A0062AD1D /* Build configuration list for PBXNativeTarget "Todo" */;
			buildPhases = (
				645FD971288FFB860062AD1D /* Sources */,
				645FD972288FFB860062AD1D /* Frameworks */,
				645FD973288FFB860062AD1D /* Resources */,
			);
			buildRules = (
			);
			dependencies = (
			);
			name = Todo;
			productName = Todo;
			productReference = 645FD975288FFB860062AD1D /* Todo.app */;
			productType = "com.apple.product-type.application";
		};
		645FD98A288FFB8A0062AD1D /* TodoTests */ = {
			isa = PBXNativeTarget;
			buildConfigurationList = 645FD9A2288FFB8A0062AD1D /* Build configuration list for PBXNativeTarget "TodoTests" */;
			buildPhases = (
				645FD987288FFB8A0062AD1D /* Sources */,
				645FD988288FFB8A0062AD1D /* Frameworks */,
				645FD989288FFB8A0062AD1D /* Resources */,
			);
			buildRules = (
			);
			dependencies = (
				645FD98D288FFB8A0062AD1D /* PBXTargetDependency */,
			);
			name = TodoTests;
			productName = TodoTests;
			productReference = 645FD98B288FFB8A0062AD1D /* TodoTests.xctest */;
			productType = "com.apple.product-type.bundle.unit-test";
		};
		645FD994288FFB8A0062AD1D /* TodoUITests */ = {
			isa = PBXNativeTarget;
			buildConfigurationList = 645FD9A5288FFB8A0062AD1D /* Build configuration list for PBXNativeTarget "TodoUITests" */;
			buildPhases = (
				645FD991288FFB8A0062AD1D /* Sources */,
				645FD992288FFB8A0062AD1D /* Frameworks */,
				645FD993288FFB8A0062AD1D /* Resources */,
			);
			buildRules = (
			);
			dependencies = (
				645FD997288FFB8A0062AD1D /* PBXTargetDependency */,
			);
			name = TodoUITests;
			productName = TodoUITests;
			productReference = 645FD995288FFB8A0062AD1D /* TodoUITests.xctest */;
			productType = "com.apple.product-type.bundle.ui-testing";
		};
/* End PBXNativeTarget section */

/* Begin PBXProject section */
		645FD96D288FFB860062AD1D /* Project object */ = {
			isa = PBXProject;
			attributes = {
				BuildIndependentTargetsInParallel = 1;
				LastSwiftUpdateCheck = 1340;
				LastUpgradeCheck = 1340;
				TargetAttributes = {
					645FD974288FFB860062AD1D = {
						CreatedOnToolsVersion = 13.4.1;
					};
					645FD98A288FFB8A0062AD1D = {
						CreatedOnToolsVersion = 13.4.1;
						TestTargetID = 645FD974288FFB860062AD1D;
					};
					645FD994288FFB8A0062AD1D = {
						CreatedOnToolsVersion = 13.4.1;
						TestTargetID = 645FD974288FFB860062AD1D;
					};
				};
			};
			buildConfigurationList = 645FD970288FFB860062AD1D /* Build configuration list for PBXProject "Todo" */;
			compatibilityVersion = "Xcode 13.0";
			developmentRegion = en;
			hasScannedForEncodings = 0;
			knownRegions = (
				en,
				Base,
			);
			mainGroup = 645FD96C288FFB860062AD1D;
			productRefGroup = 645FD976288FFB860062AD1D /* Products */;
			projectDirPath = "";
			projectRoot = "";
			targets = (
				645FD974288FFB860062AD1D /* Todo */,
				645FD98A288FFB8A0062AD1D /* TodoTests */,
				645FD994288FFB8A0062AD1D /* TodoUITests */,
			);
		};
/* End PBXProject section */

/* Begin PBXResourcesBuildPhase section */
		645FD973288FFB860062AD1D /* Resources */ = {
			isa = PBXResourcesBuildPhase;
			buildActionMask = 2147483647;
			files = (
				645FD985288FFB8A0062AD1D /* LaunchScreen.storyboard in Resources */,
				645FD982288FFB8A0062AD1D /* Assets.xcassets in Resources */,
				645FD980288FFB860062AD1D /* Main.storyboard in Resources */,
			);
			runOnlyForDeploymentPostprocessing = 0;
		};
		645FD989288FFB8A0062AD1D /* Resources */ = {
			isa = PBXResourcesBuildPhase;
			buildActionMask = 2147483647;
			files = (
			);
			runOnlyForDeploymentPostprocessing = 0;
		};
		645FD993288FFB8A0062AD1D /* Resources */ = {
			isa = PBXResourcesBuildPhase;
			buildActionMask = 2147483647;
			files = (
			);
			runOnlyForDeploymentPostprocessing = 0;
		};
/* End PBXResourcesBuildPhase section */

/* Begin PBXSourcesBuildPhase section */
		645FD971288FFB860062AD1D /* Sources */ = {
			isa = PBXSourcesBuildPhase;
			buildActionMask = 2147483647;
			files = (
				645FD97D288FFB860062AD1D /* ViewController.swift in Sources */,
				645FD979288FFB860062AD1D /* AppDelegate.swift in Sources */,
				645FD97B288FFB860062AD1D /* SceneDelegate.swift in Sources */,
				645FD9A9289042970062AD1D /* StorageManager.swift in Sources */,
			);
			runOnlyForDeploymentPostprocessing = 0;
		};
		645FD987288FFB8A0062AD1D /* Sources */ = {
			isa = PBXSourcesBuildPhase;
			buildActionMask = 2147483647;
			files = (
				645FD990288FFB8A0062AD1D /* TodoTests.swift in Sources */,
			);
			runOnlyForDeploymentPostprocessing = 0;
		};
		645FD991288FFB8A0062AD1D /* Sources */ = {
			isa = PBXSourcesBuildPhase;
			buildActionMask = 2147483647;
			files = (
				645FD99C288FFB8A0062AD1D /* TodoUITestsLaunchTests.swift in Sources */,
				645FD99A288FFB8A0062AD1D /* TodoUITests.swift in Sources */,
			);
			runOnlyForDeploymentPostprocessing = 0;
		};
/* End PBXSourcesBuildPhase section */

/* Begin PBXTargetDependency section */
		645FD98D288FFB8A0062AD1D /* PBXTargetDependency */ = {
			isa = PBXTargetDependency;
			target = 645FD974288FFB860062AD1D /* Todo */;
			targetProxy = 645FD98C288FFB8A0062AD1D /* PBXContainerItemProxy */;
		};
		645FD997288FFB8A0062AD1D /* PBXTargetDependency */ = {
			isa = PBXTargetDependency;
			target = 645FD974288FFB860062AD1D /* Todo */;
			targetProxy = 645FD996288FFB8A0062AD1D /* PBXContainerItemProxy */;
		};
/* End PBXTargetDependency section */

/* Begin PBXVariantGroup section */
		645FD97E288FFB860062AD1D /* Main.storyboard */ = {
			isa = PBXVariantGroup;
			children = (
				645FD97F288FFB860062AD1D /* Base */,
			);
			name = Main.storyboard;
			sourceTree = "<group>";
		};
		645FD983288FFB8A0062AD1D /* LaunchScreen.storyboard */ = {
			isa = PBXVariantGroup;
			children = (
				645FD984288FFB8A0062AD1D /* Base */,
			);
			name = LaunchScreen.storyboard;
			sourceTree = "<group>";
		};
/* End PBXVariantGroup section */

/* Begin XCBuildConfiguration section */
		645FD99D288FFB8A0062AD1D /* Debug */ = {
			isa = XCBuildConfiguration;
			buildSettings = {
				ALWAYS_SEARCH_USER_PATHS = NO;
				CLANG_ANALYZER_NONNULL = YES;
				CLANG_ANALYZER_NUMBER_OBJECT_CONVERSION = YES_AGGRESSIVE;
				CLANG_CXX_LANGUAGE_STANDARD = "gnu++17";
				CLANG_ENABLE_MODULES = YES;
				CLANG_ENABLE_OBJC_ARC = YES;
				CLANG_ENABLE_OBJC_WEAK = YES;
				CLANG_WARN_BLOCK_CAPTURE_AUTORELEASING = YES;
				CLANG_WARN_BOOL_CONVERSION = YES;
				CLANG_WARN_COMMA = YES;
				CLANG_WARN_CONSTANT_CONVERSION = YES;
				CLANG_WARN_DEPRECATED_OBJC_IMPLEMENTATIONS = YES;
				CLANG_WARN_DIRECT_OBJC_ISA_USAGE = YES_ERROR;
				CLANG_WARN_DOCUMENTATION_COMMENTS = YES;
				CLANG_WARN_EMPTY_BODY = YES;
				CLANG_WARN_ENUM_CONVERSION = YES;
				CLANG_WARN_INFINITE_RECURSION = YES;
				CLANG_WARN_INT_CONVERSION = YES;
				CLANG_WARN_NON_LITERAL_NULL_CONVERSION = YES;
				CLANG_WARN_OBJC_IMPLICIT_RETAIN_SELF = YES;
				CLANG_WARN_OBJC_LITERAL_CONVERSION = YES;
				CLANG_WARN_OBJC_ROOT_CLASS = YES_ERROR;
				CLANG_WARN_QUOTED_INCLUDE_IN_FRAMEWORK_HEADER = YES;
				CLANG_WARN_RANGE_LOOP_ANALYSIS = YES;
				CLANG_WARN_STRICT_PROTOTYPES = YES;
				CLANG_WARN_SUSPICIOUS_MOVE = YES;
				CLANG_WARN_UNGUARDED_AVAILABILITY = YES_AGGRESSIVE;
				CLANG_WARN_UNREACHABLE_CODE = YES;
				CLANG_WARN__DUPLICATE_METHOD_MATCH = YES;
				COPY_PHASE_STRIP = NO;
				DEBUG_INFORMATION_FORMAT = dwarf;
				ENABLE_STRICT_OBJC_MSGSEND = YES;
				ENABLE_TESTABILITY = YES;
				GCC_C_LANGUAGE_STANDARD = gnu11;
				GCC_DYNAMIC_NO_PIC = NO;
				GCC_NO_COMMON_BLOCKS = YES;
				GCC_OPTIMIZATION_LEVEL = 0;
				GCC_PREPROCESSOR_DEFINITIONS = (
					"DEBUG=1",
					"$(inherited)",
				);
				GCC_WARN_64_TO_32_BIT_CONVERSION = YES;
				GCC_WARN_ABOUT_RETURN_TYPE = YES_ERROR;
				GCC_WARN_UNDECLARED_SELECTOR = YES;
				GCC_WARN_UNINITIALIZED_AUTOS = YES_AGGRESSIVE;
				GCC_WARN_UNUSED_FUNCTION = YES;
				GCC_WARN_UNUSED_VARIABLE = YES;
				IPHONEOS_DEPLOYMENT_TARGET = 15.5;
				MTL_ENABLE_DEBUG_INFO = INCLUDE_SOURCE;
				MTL_FAST_MATH = YES;
				ONLY_ACTIVE_ARCH = YES;
				SDKROOT = iphoneos;
				SWIFT_ACTIVE_COMPILATION_CONDITIONS = DEBUG;
				SWIFT_OPTIMIZATION_LEVEL = "-Onone";
			};
			name = Debug;
		};
		645FD99E288FFB8A0062AD1D /* Release */ = {
			isa = XCBuildConfiguration;
			buildSettings = {
				ALWAYS_SEARCH_USER_PATHS = NO;
				CLANG_ANALYZER_NONNULL = YES;
				CLANG_ANALYZER_NUMBER_OBJECT_CONVERSION = YES_AGGRESSIVE;
				CLANG_CXX_LANGUAGE_STANDARD = "gnu++17";
				CLANG_ENABLE_MODULES = YES;
				CLANG_ENABLE_OBJC_ARC = YES;
				CLANG_ENABLE_OBJC_WEAK = YES;
				CLANG_WARN_BLOCK_CAPTURE_AUTORELEASING = YES;
				CLANG_WARN_BOOL_CONVERSION = YES;
				CLANG_WARN_COMMA = YES;
				CLANG_WARN_CONSTANT_CONVERSION = YES;
				CLANG_WARN_DEPRECATED_OBJC_IMPLEMENTATIONS = YES;
				CLANG_WARN_DIRECT_OBJC_ISA_USAGE = YES_ERROR;
				CLANG_WARN_DOCUMENTATION_COMMENTS = YES;
				CLANG_WARN_EMPTY_BODY = YES;
				CLANG_WARN_ENUM_CONVERSION = YES;
				CLANG_WARN_INFINITE_RECURSION = YES;
				CLANG_WARN_INT_CONVERSION = YES;
				CLANG_WARN_NON_LITERAL_NULL_CONVERSION = YES;
				CLANG_WARN_OBJC_IMPLICIT_RETAIN_SELF = YES;
				CLANG_WARN_OBJC_LITERAL_CONVERSION = YES;
				CLANG_WARN_OBJC_ROOT_CLASS = YES_ERROR;
				CLANG_WARN_QUOTED_INCLUDE_IN_FRAMEWORK_HEADER = YES;
				CLANG_WARN_RANGE_LOOP_ANALYSIS = YES;
				CLANG_WARN_STRICT_PROTOTYPES = YES;
				CLANG_WARN_SUSPICIOUS_MOVE = YES;
				CLANG_WARN_UNGUARDED_AVAILABILITY = YES_AGGRESSIVE;
				CLANG_WARN_UNREACHABLE_CODE = YES;
				CLANG_WARN__DUPLICATE_METHOD_MATCH = YES;
				COPY_PHASE_STRIP = NO;
				DEBUG_INFORMATION_FORMAT = "dwarf-with-dsym";
				ENABLE_NS_ASSERTIONS = NO;
				ENABLE_STRICT_OBJC_MSGSEND = YES;
				GCC_C_LANGUAGE_STANDARD = gnu11;
				GCC_NO_COMMON_BLOCKS = YES;
				GCC_WARN_64_TO_32_BIT_CONVERSION = YES;
				GCC_WARN_ABOUT_RETURN_TYPE = YES_ERROR;
				GCC_WARN_UNDECLARED_SELECTOR = YES;
				GCC_WARN_UNINITIALIZED_AUTOS = YES_AGGRESSIVE;
				GCC_WARN_UNUSED_FUNCTION = YES;
				GCC_WARN_UNUSED_VARIABLE = YES;
				IPHONEOS_DEPLOYMENT_TARGET = 15.5;
				MTL_ENABLE_DEBUG_INFO = NO;
				MTL_FAST_MATH = YES;
				SDKROOT = iphoneos;
				SWIFT_COMPILATION_MODE = wholemodule;
				SWIFT_OPTIMIZATION_LEVEL = "-O";
				VALIDATE_PRODUCT = YES;
			};
			name = Release;
		};
		645FD9A0288FFB8A0062AD1D /* Debug */ = {
			isa = XCBuildConfiguration;
			buildSettings = {
				ASSETCATALOG_COMPILER_APPICON_NAME = AppIcon;
				ASSETCATALOG_COMPILER_GLOBAL_ACCENT_COLOR_NAME = AccentColor;
				CODE_SIGN_STYLE = Automatic;
				CURRENT_PROJECT_VERSION = 1;
				GENERATE_INFOPLIST_FILE = YES;
				INFOPLIST_FILE = Todo/Info.plist;
				INFOPLIST_KEY_UIApplicationSupportsIndirectInputEvents = YES;
				INFOPLIST_KEY_UILaunchStoryboardName = LaunchScreen;
				INFOPLIST_KEY_UIMainStoryboardFile = Main;
				INFOPLIST_KEY_UISupportedInterfaceOrientations_iPad = "UIInterfaceOrientationPortrait UIInterfaceOrientationPortraitUpsideDown UIInterfaceOrientationLandscapeLeft UIInterfaceOrientationLandscapeRight";
				INFOPLIST_KEY_UISupportedInterfaceOrientations_iPhone = "UIInterfaceOrientationPortrait UIInterfaceOrientationLandscapeLeft UIInterfaceOrientationLandscapeRight";
				LD_RUNPATH_SEARCH_PATHS = (
					"$(inherited)",
					"@executable_path/Frameworks",
				);
				MARKETING_VERSION = 1.0;
				PRODUCT_BUNDLE_IDENTIFIER = cc.jamesgu.Todo;
				PRODUCT_NAME = "$(TARGET_NAME)";
				SWIFT_EMIT_LOC_STRINGS = YES;
				SWIFT_VERSION = 5.0;
				TARGETED_DEVICE_FAMILY = "1,2";
			};
			name = Debug;
		};
		645FD9A1288FFB8A0062AD1D /* Release */ = {
			isa = XCBuildConfiguration;
			buildSettings = {
				ASSETCATALOG_COMPILER_APPICON_NAME = AppIcon;
				ASSETCATALOG_COMPILER_GLOBAL_ACCENT_COLOR_NAME = AccentColor;
				CODE_SIGN_STYLE = Automatic;
				CURRENT_PROJECT_VERSION = 1;
				GENERATE_INFOPLIST_FILE = YES;
				INFOPLIST_FILE = Todo/Info.plist;
				INFOPLIST_KEY_UIApplicationSupportsIndirectInputEvents = YES;
				INFOPLIST_KEY_UILaunchStoryboardName = LaunchScreen;
				INFOPLIST_KEY_UIMainStoryboardFile = Main;
				INFOPLIST_KEY_UISupportedInterfaceOrientations_iPad = "UIInterfaceOrientationPortrait UIInterfaceOrientationPortraitUpsideDown UIInterfaceOrientationLandscapeLeft UIInterfaceOrientationLandscapeRight";
				INFOPLIST_KEY_UISupportedInterfaceOrientations_iPhone = "UIInterfaceOrientationPortrait UIInterfaceOrientationLandscapeLeft UIInterfaceOrientationLandscapeRight";
				LD_RUNPATH_SEARCH_PATHS = (
					"$(inherited)",
					"@executable_path/Frameworks",
				);
				MARKETING_VERSION = 1.0;
				PRODUCT_BUNDLE_IDENTIFIER = cc.jamesgu.Todo;
				PRODUCT_NAME = "$(TARGET_NAME)";
				SWIFT_EMIT_LOC_STRINGS = YES;
				SWIFT_VERSION = 5.0;
				TARGETED_DEVICE_FAMILY = "1,2";
			};
			name = Release;
		};
		645FD9A3288FFB8A0062AD1D /* Debug */ = {
			isa = XCBuildConfiguration;
			buildSettings = {
				ALWAYS_EMBED_SWIFT_STANDARD_LIBRARIES = YES;
				BUNDLE_LOADER = "$(TEST_HOST)";
				CODE_SIGN_STYLE = Automatic;
				CURRENT_PROJECT_VERSION = 1;
				GENERATE_INFOPLIST_FILE = YES;
				IPHONEOS_DEPLOYMENT_TARGET = 15.5;
				MARKETING_VERSION = 1.0;
				PRODUCT_BUNDLE_IDENTIFIER = cc.jamesgu.TodoTests;
				PRODUCT_NAME = "$(TARGET_NAME)";
				SWIFT_EMIT_LOC_STRINGS = NO;
				SWIFT_VERSION = 5.0;
				TARGETED_DEVICE_FAMILY = "1,2";
				TEST_HOST = "$(BUILT_PRODUCTS_DIR)/Todo.app/Todo";
			};
			name = Debug;
		};
		645FD9A4288FFB8A0062AD1D /* Release */ = {
			isa = XCBuildConfiguration;
			buildSettings = {
				ALWAYS_EMBED_SWIFT_STANDARD_LIBRARIES = YES;
				BUNDLE_LOADER = "$(TEST_HOST)";
				CODE_SIGN_STYLE = Automatic;
				CURRENT_PROJECT_VERSION = 1;
				GENERATE_INFOPLIST_FILE = YES;
				IPHONEOS_DEPLOYMENT_TARGET = 15.5;
				MARKETING_VERSION = 1.0;
				PRODUCT_BUNDLE_IDENTIFIER = cc.jamesgu.TodoTests;
				PRODUCT_NAME = "$(TARGET_NAME)";
				SWIFT_EMIT_LOC_STRINGS = NO;
				SWIFT_VERSION = 5.0;
				TARGETED_DEVICE_FAMILY = "1,2";
				TEST_HOST = "$(BUILT_PRODUCTS_DIR)/Todo.app/Todo";
			};
			name = Release;
		};
		645FD9A6288FFB8A0062AD1D /* Debug */ = {
			isa = XCBuildConfiguration;
			buildSettings = {
				ALWAYS_EMBED_SWIFT_STANDARD_LIBRARIES = YES;
				CODE_SIGN_STYLE = Automatic;
				CURRENT_PROJECT_VERSION = 1;
				GENERATE_INFOPLIST_FILE = YES;
				MARKETING_VERSION = 1.0;
				PRODUCT_BUNDLE_IDENTIFIER = cc.jamesgu.TodoUITests;
				PRODUCT_NAME = "$(TARGET_NAME)";
				SWIFT_EMIT_LOC_STRINGS = NO;
				SWIFT_VERSION = 5.0;
				TARGETED_DEVICE_FAMILY = "1,2";
				TEST_TARGET_NAME = Todo;
			};
			name = Debug;
		};
		645FD9A7288FFB8A0062AD1D /* Release */ = {
			isa = XCBuildConfiguration;
			buildSettings = {
				ALWAYS_EMBED_SWIFT_STANDARD_LIBRARIES = YES;
				CODE_SIGN_STYLE = Automatic;
				CURRENT_PROJECT_VERSION = 1;
				GENERATE_INFOPLIST_FILE = YES;
				MARKETING_VERSION = 1.0;
				PRODUCT_BUNDLE_IDENTIFIER = cc.jamesgu.TodoUITests;
				PRODUCT_NAME = "$(TARGET_NAME)";
				SWIFT_EMIT_LOC_STRINGS = NO;
				SWIFT_VERSION = 5.0;
				TARGETED_DEVICE_FAMILY = "1,2";
				TEST_TARGET_NAME = Todo;
			};
			name = Release;
		};
/* End XCBuildConfiguration section */

/* Begin XCConfigurationList section */
		645FD970288FFB860062AD1D /* Build configuration list for PBXProject "Todo" */ = {
			isa = XCConfigurationList;
			buildConfigurations = (
				645FD99D288FFB8A0062AD1D /* Debug */,
				645FD99E288FFB8A0062AD1D /* Release */,
			);
			defaultConfigurationIsVisible = 0;
			defaultConfigurationName = Release;
		};
		645FD99F288FFB8A0062AD1D /* Build configuration list for PBXNativeTarget "Todo" */ = {
			isa = XCConfigurationList;
			buildConfigurations = (
				645FD9A0288FFB8A0062AD1D /* Debug */,
				645FD9A1288FFB8A0062AD1D /* Release */,
			);
			defaultConfigurationIsVisible = 0;
			defaultConfigurationName = Release;
		};
		645FD9A2288FFB8A0062AD1D /* Build configuration list for PBXNativeTarget "TodoTests" */ = {
			isa = XCConfigurationList;
			buildConfigurations = (
				645FD9A3288FFB8A0062AD1D /* Debug */,
				645FD9A4288FFB8A0062AD1D /* Release */,
			);
			defaultConfigurationIsVisible = 0;
			defaultConfigurationName = Release;
		};
		645FD9A5288FFB8A0062AD1D /* Build configuration list for PBXNativeTarget "TodoUITests" */ = {
			isa = XCConfigurationList;
			buildConfigurations = (
				645FD9A6288FFB8A0062AD1D /* Debug */,
				645FD9A7288FFB8A0062AD1D /* Release */,
			);
			defaultConfigurationIsVisible = 0;
			defaultConfigurationName = Release;
		};
/* End XCConfigurationList section */
	};
	rootObject = 645FD96D288FFB860062AD1D /* Project object */;
}
