// !$*UTF8*$!
{
	archiveVersion = 1;
	classes = {
	};
	objectVersion = 55;
	objects = {

/* Begin PBXBuildFile section */
		07F1ACA728A1F8B500792E9A /* AppDelegate.swift in Sources */ = {isa = PBXBuildFile; fileRef = 07F1ACA628A1F8B500792E9A /* AppDelegate.swift */; };
		07F1ACA928A1F8B500792E9A /* SceneDelegate.swift in Sources */ = {isa = PBXBuildFile; fileRef = 07F1ACA828A1F8B500792E9A /* SceneDelegate.swift */; };
		07F1ACAB28A1F8B500792E9A /* ViewController.swift in Sources */ = {isa = PBXBuildFile; fileRef = 07F1ACAA28A1F8B500792E9A /* ViewController.swift */; };
		07F1ACAE28A1F8B500792E9A /* Main.storyboard in Resources */ = {isa = PBXBuildFile; fileRef = 07F1ACAC28A1F8B500792E9A /* Main.storyboard */; };
		07F1ACB028A1F8B600792E9A /* Assets.xcassets in Resources */ = {isa = PBXBuildFile; fileRef = 07F1ACAF28A1F8B600792E9A /* Assets.xcassets */; };
		07F1ACB328A1F8B600792E9A /* LaunchScreen.storyboard in Resources */ = {isa = PBXBuildFile; fileRef = 07F1ACB128A1F8B600792E9A /* LaunchScreen.storyboard */; };
		07F1ACBE28A1F8B700792E9A /* TodoTests.swift in Sources */ = {isa = PBXBuildFile; fileRef = 07F1ACBD28A1F8B700792E9A /* TodoTests.swift */; };
		07F1ACC828A1F8B700792E9A /* TodoUITests.swift in Sources */ = {isa = PBXBuildFile; fileRef = 07F1ACC728A1F8B700792E9A /* TodoUITests.swift */; };
		07F1ACCA28A1F8B700792E9A /* TodoUITestsLaunchTests.swift in Sources */ = {isa = PBXBuildFile; fileRef = 07F1ACC928A1F8B700792E9A /* TodoUITestsLaunchTests.swift */; };
/* End PBXBuildFile section */

/* Begin PBXContainerItemProxy section */
		07F1ACBA28A1F8B700792E9A /* PBXContainerItemProxy */ = {
			isa = PBXContainerItemProxy;
			containerPortal = 07F1AC9B28A1F8B500792E9A /* Project object */;
			proxyType = 1;
			remoteGlobalIDString = 07F1ACA228A1F8B500792E9A;
			remoteInfo = Todo;
		};
		07F1ACC428A1F8B700792E9A /* PBXContainerItemProxy */ = {
			isa = PBXContainerItemProxy;
			containerPortal = 07F1AC9B28A1F8B500792E9A /* Project object */;
			proxyType = 1;
			remoteGlobalIDString = 07F1ACA228A1F8B500792E9A;
			remoteInfo = Todo;
		};
/* End PBXContainerItemProxy section */

/* Begin PBXFileReference section */
		07F1ACA328A1F8B500792E9A /* Todo.app */ = {isa = PBXFileReference; explicitFileType = wrapper.application; includeInIndex = 0; path = Todo.app; sourceTree = BUILT_PRODUCTS_DIR; };
		07F1ACA628A1F8B500792E9A /* AppDelegate.swift */ = {isa = PBXFileReference; lastKnownFileType = sourcecode.swift; path = AppDelegate.swift; sourceTree = "<group>"; };
		07F1ACA828A1F8B500792E9A /* SceneDelegate.swift */ = {isa = PBXFileReference; lastKnownFileType = sourcecode.swift; path = SceneDelegate.swift; sourceTree = "<group>"; };
		07F1ACAA28A1F8B500792E9A /* ViewController.swift */ = {isa = PBXFileReference; lastKnownFileType = sourcecode.swift; path = ViewController.swift; sourceTree = "<group>"; };
		07F1ACAD28A1F8B500792E9A /* Base */ = {isa = PBXFileReference; lastKnownFileType = file.storyboard; name = Base; path = Base.lproj/Main.storyboard; sourceTree = "<group>"; };
		07F1ACAF28A1F8B600792E9A /* Assets.xcassets */ = {isa = PBXFileReference; lastKnownFileType = folder.assetcatalog; path = Assets.xcassets; sourceTree = "<group>"; };
		07F1ACB228A1F8B600792E9A /* Base */ = {isa = PBXFileReference; lastKnownFileType = file.storyboard; name = Base; path = Base.lproj/LaunchScreen.storyboard; sourceTree = "<group>"; };
		07F1ACB428A1F8B600792E9A /* Info.plist */ = {isa = PBXFileReference; lastKnownFileType = text.plist.xml; path = Info.plist; sourceTree = "<group>"; };
		07F1ACB928A1F8B700792E9A /* TodoTests.xctest */ = {isa = PBXFileReference; explicitFileType = wrapper.cfbundle; includeInIndex = 0; path = TodoTests.xctest; sourceTree = BUILT_PRODUCTS_DIR; };
		07F1ACBD28A1F8B700792E9A /* TodoTests.swift */ = {isa = PBXFileReference; lastKnownFileType = sourcecode.swift; path = TodoTests.swift; sourceTree = "<group>"; };
		07F1ACC328A1F8B700792E9A /* TodoUITests.xctest */ = {isa = PBXFileReference; explicitFileType = wrapper.cfbundle; includeInIndex = 0; path = TodoUITests.xctest; sourceTree = BUILT_PRODUCTS_DIR; };
		07F1ACC728A1F8B700792E9A /* TodoUITests.swift */ = {isa = PBXFileReference; lastKnownFileType = sourcecode.swift; path = TodoUITests.swift; sourceTree = "<group>"; };
		07F1ACC928A1F8B700792E9A /* TodoUITestsLaunchTests.swift */ = {isa = PBXFileReference; lastKnownFileType = sourcecode.swift; path = TodoUITestsLaunchTests.swift; sourceTree = "<group>"; };
/* End PBXFileReference section */

/* Begin PBXFrameworksBuildPhase section */
		07F1ACA028A1F8B500792E9A /* Frameworks */ = {
			isa = PBXFrameworksBuildPhase;
			buildActionMask = 2147483647;
			files = (
			);
			runOnlyForDeploymentPostprocessing = 0;
		};
		07F1ACB628A1F8B700792E9A /* Frameworks */ = {
			isa = PBXFrameworksBuildPhase;
			buildActionMask = 2147483647;
			files = (
			);
			runOnlyForDeploymentPostprocessing = 0;
		};
		07F1ACC028A1F8B700792E9A /* Frameworks */ = {
			isa = PBXFrameworksBuildPhase;
			buildActionMask = 2147483647;
			files = (
			);
			runOnlyForDeploymentPostprocessing = 0;
		};
/* End PBXFrameworksBuildPhase section */

/* Begin PBXGroup section */
		07F1AC9A28A1F8B500792E9A = {
			isa = PBXGroup;
			children = (
				07F1ACA528A1F8B500792E9A /* Todo */,
				07F1ACBC28A1F8B700792E9A /* TodoTests */,
				07F1ACC628A1F8B700792E9A /* TodoUITests */,
				07F1ACA428A1F8B500792E9A /* Products */,
			);
			sourceTree = "<group>";
		};
		07F1ACA428A1F8B500792E9A /* Products */ = {
			isa = PBXGroup;
			children = (
				07F1ACA328A1F8B500792E9A /* Todo.app */,
				07F1ACB928A1F8B700792E9A /* TodoTests.xctest */,
				07F1ACC328A1F8B700792E9A /* TodoUITests.xctest */,
			);
			name = Products;
			sourceTree = "<group>";
		};
		07F1ACA528A1F8B500792E9A /* Todo */ = {
			isa = PBXGroup;
			children = (
				07F1ACA628A1F8B500792E9A /* AppDelegate.swift */,
				07F1ACA828A1F8B500792E9A /* SceneDelegate.swift */,
				07F1ACAA28A1F8B500792E9A /* ViewController.swift */,
				07F1ACAC28A1F8B500792E9A /* Main.storyboard */,
				07F1ACAF28A1F8B600792E9A /* Assets.xcassets */,
				07F1ACB128A1F8B600792E9A /* LaunchScreen.storyboard */,
				07F1ACB428A1F8B600792E9A /* Info.plist */,
			);
			path = Todo;
			sourceTree = "<group>";
		};
		07F1ACBC28A1F8B700792E9A /* TodoTests */ = {
			isa = PBXGroup;
			children = (
				07F1ACBD28A1F8B700792E9A /* TodoTests.swift */,
			);
			path = TodoTests;
			sourceTree = "<group>";
		};
		07F1ACC628A1F8B700792E9A /* TodoUITests */ = {
			isa = PBXGroup;
			children = (
				07F1ACC728A1F8B700792E9A /* TodoUITests.swift */,
				07F1ACC928A1F8B700792E9A /* TodoUITestsLaunchTests.swift */,
			);
			path = TodoUITests;
			sourceTree = "<group>";
		};
/* End PBXGroup section */

/* Begin PBXNativeTarget section */
		07F1ACA228A1F8B500792E9A /* Todo */ = {
			isa = PBXNativeTarget;
			buildConfigurationList = 07F1ACCD28A1F8B700792E9A /* Build configuration list for PBXNativeTarget "Todo" */;
			buildPhases = (
				07F1AC9F28A1F8B500792E9A /* Sources */,
				07F1ACA028A1F8B500792E9A /* Frameworks */,
				07F1ACA128A1F8B500792E9A /* Resources */,
			);
			buildRules = (
			);
			dependencies = (
			);
			name = Todo;
			productName = Todo;
			productReference = 07F1ACA328A1F8B500792E9A /* Todo.app */;
			productType = "com.apple.product-type.application";
		};
		07F1ACB828A1F8B700792E9A /* TodoTests */ = {
			isa = PBXNativeTarget;
			buildConfigurationList = 07F1ACD028A1F8B700792E9A /* Build configuration list for PBXNativeTarget "TodoTests" */;
			buildPhases = (
				07F1ACB528A1F8B700792E9A /* Sources */,
				07F1ACB628A1F8B700792E9A /* Frameworks */,
				07F1ACB728A1F8B700792E9A /* Resources */,
			);
			buildRules = (
			);
			dependencies = (
				07F1ACBB28A1F8B700792E9A /* PBXTargetDependency */,
			);
			name = TodoTests;
			productName = TodoTests;
			productReference = 07F1ACB928A1F8B700792E9A /* TodoTests.xctest */;
			productType = "com.apple.product-type.bundle.unit-test";
		};
		07F1ACC228A1F8B700792E9A /* TodoUITests */ = {
			isa = PBXNativeTarget;
			buildConfigurationList = 07F1ACD328A1F8B700792E9A /* Build configuration list for PBXNativeTarget "TodoUITests" */;
			buildPhases = (
				07F1ACBF28A1F8B700792E9A /* Sources */,
				07F1ACC028A1F8B700792E9A /* Frameworks */,
				07F1ACC128A1F8B700792E9A /* Resources */,
			);
			buildRules = (
			);
			dependencies = (
				07F1ACC528A1F8B700792E9A /* PBXTargetDependency */,
			);
			name = TodoUITests;
			productName = TodoUITests;
			productReference = 07F1ACC328A1F8B700792E9A /* TodoUITests.xctest */;
			productType = "com.apple.product-type.bundle.ui-testing";
		};
/* End PBXNativeTarget section */

/* Begin PBXProject section */
		07F1AC9B28A1F8B500792E9A /* Project object */ = {
			isa = PBXProject;
			attributes = {
				BuildIndependentTargetsInParallel = 1;
				LastSwiftUpdateCheck = 1310;
				LastUpgradeCheck = 1310;
				TargetAttributes = {
					07F1ACA228A1F8B500792E9A = {
						CreatedOnToolsVersion = 13.1;
					};
					07F1ACB828A1F8B700792E9A = {
						CreatedOnToolsVersion = 13.1;
						TestTargetID = 07F1ACA228A1F8B500792E9A;
					};
					07F1ACC228A1F8B700792E9A = {
						CreatedOnToolsVersion = 13.1;
						TestTargetID = 07F1ACA228A1F8B500792E9A;
					};
				};
			};
			buildConfigurationList = 07F1AC9E28A1F8B500792E9A /* Build configuration list for PBXProject "Todo" */;
			compatibilityVersion = "Xcode 13.0";
			developmentRegion = en;
			hasScannedForEncodings = 0;
			knownRegions = (
				en,
				Base,
			);
			mainGroup = 07F1AC9A28A1F8B500792E9A;
			productRefGroup = 07F1ACA428A1F8B500792E9A /* Products */;
			projectDirPath = "";
			projectRoot = "";
			targets = (
				07F1ACA228A1F8B500792E9A /* Todo */,
				07F1ACB828A1F8B700792E9A /* TodoTests */,
				07F1ACC228A1F8B700792E9A /* TodoUITests */,
			);
		};
/* End PBXProject section */

/* Begin PBXResourcesBuildPhase section */
		07F1ACA128A1F8B500792E9A /* Resources */ = {
			isa = PBXResourcesBuildPhase;
			buildActionMask = 2147483647;
			files = (
				07F1ACB328A1F8B600792E9A /* LaunchScreen.storyboard in Resources */,
				07F1ACB028A1F8B600792E9A /* Assets.xcassets in Resources */,
				07F1ACAE28A1F8B500792E9A /* Main.storyboard in Resources */,
			);
			runOnlyForDeploymentPostprocessing = 0;
		};
		07F1ACB728A1F8B700792E9A /* Resources */ = {
			isa = PBXResourcesBuildPhase;
			buildActionMask = 2147483647;
			files = (
			);
			runOnlyForDeploymentPostprocessing = 0;
		};
		07F1ACC128A1F8B700792E9A /* Resources */ = {
			isa = PBXResourcesBuildPhase;
			buildActionMask = 2147483647;
			files = (
			);
			runOnlyForDeploymentPostprocessing = 0;
		};
/* End PBXResourcesBuildPhase section */

/* Begin PBXSourcesBuildPhase section */
		07F1AC9F28A1F8B500792E9A /* Sources */ = {
			isa = PBXSourcesBuildPhase;
			buildActionMask = 2147483647;
			files = (
				07F1ACAB28A1F8B500792E9A /* ViewController.swift in Sources */,
				07F1ACA728A1F8B500792E9A /* AppDelegate.swift in Sources */,
				07F1ACA928A1F8B500792E9A /* SceneDelegate.swift in Sources */,
			);
			runOnlyForDeploymentPostprocessing = 0;
		};
		07F1ACB528A1F8B700792E9A /* Sources */ = {
			isa = PBXSourcesBuildPhase;
			buildActionMask = 2147483647;
			files = (
				07F1ACBE28A1F8B700792E9A /* TodoTests.swift in Sources */,
			);
			runOnlyForDeploymentPostprocessing = 0;
		};
		07F1ACBF28A1F8B700792E9A /* Sources */ = {
			isa = PBXSourcesBuildPhase;
			buildActionMask = 2147483647;
			files = (
				07F1ACCA28A1F8B700792E9A /* TodoUITestsLaunchTests.swift in Sources */,
				07F1ACC828A1F8B700792E9A /* TodoUITests.swift in Sources */,
			);
			runOnlyForDeploymentPostprocessing = 0;
		};
/* End PBXSourcesBuildPhase section */

/* Begin PBXTargetDependency section */
		07F1ACBB28A1F8B700792E9A /* PBXTargetDependency */ = {
			isa = PBXTargetDependency;
			target = 07F1ACA228A1F8B500792E9A /* Todo */;
			targetProxy = 07F1ACBA28A1F8B700792E9A /* PBXContainerItemProxy */;
		};
		07F1ACC528A1F8B700792E9A /* PBXTargetDependency */ = {
			isa = PBXTargetDependency;
			target = 07F1ACA228A1F8B500792E9A /* Todo */;
			targetProxy = 07F1ACC428A1F8B700792E9A /* PBXContainerItemProxy */;
		};
/* End PBXTargetDependency section */

/* Begin PBXVariantGroup section */
		07F1ACAC28A1F8B500792E9A /* Main.storyboard */ = {
			isa = PBXVariantGroup;
			children = (
				07F1ACAD28A1F8B500792E9A /* Base */,
			);
			name = Main.storyboard;
			sourceTree = "<group>";
		};
		07F1ACB128A1F8B600792E9A /* LaunchScreen.storyboard */ = {
			isa = PBXVariantGroup;
			children = (
				07F1ACB228A1F8B600792E9A /* Base */,
			);
			name = LaunchScreen.storyboard;
			sourceTree = "<group>";
		};
/* End PBXVariantGroup section */

/* Begin XCBuildConfiguration section */
		07F1ACCB28A1F8B700792E9A /* Debug */ = {
			isa = XCBuildConfiguration;
			buildSettings = {
				ALWAYS_SEARCH_USER_PATHS = NO;
				CLANG_ANALYZER_NONNULL = YES;
				CLANG_ANALYZER_NUMBER_OBJECT_CONVERSION = YES_AGGRESSIVE;
				CLANG_CXX_LANGUAGE_STANDARD = "gnu++17";
				CLANG_CXX_LIBRARY = "libc++";
				CLANG_ENABLE_MODULES = YES;
				CLANG_ENABLE_OBJC_ARC = YES;
				CLANG_ENABLE_OBJC_WEAK = YES;
				CLANG_WARN_BLOCK_CAPTURE_AUTORELEASING = YES;
				CLANG_WARN_BOOL_CONVERSION = YES;
				CLANG_WARN_COMMA = YES;
				CLANG_WARN_CONSTANT_CONVERSION = YES;
				CLANG_WARN_DEPRECATED_OBJC_IMPLEMENTATIONS = YES;
				CLANG_WARN_DIRECT_OBJC_ISA_USAGE = YES_ERROR;
				CLANG_WARN_DOCUMENTATION_COMMENTS = YES;
				CLANG_WARN_EMPTY_BODY = YES;
				CLANG_WARN_ENUM_CONVERSION = YES;
				CLANG_WARN_INFINITE_RECURSION = YES;
				CLANG_WARN_INT_CONVERSION = YES;
				CLANG_WARN_NON_LITERAL_NULL_CONVERSION = YES;
				CLANG_WARN_OBJC_IMPLICIT_RETAIN_SELF = YES;
				CLANG_WARN_OBJC_LITERAL_CONVERSION = YES;
				CLANG_WARN_OBJC_ROOT_CLASS = YES_ERROR;
				CLANG_WARN_QUOTED_INCLUDE_IN_FRAMEWORK_HEADER = YES;
				CLANG_WARN_RANGE_LOOP_ANALYSIS = YES;
				CLANG_WARN_STRICT_PROTOTYPES = YES;
				CLANG_WARN_SUSPICIOUS_MOVE = YES;
				CLANG_WARN_UNGUARDED_AVAILABILITY = YES_AGGRESSIVE;
				CLANG_WARN_UNREACHABLE_CODE = YES;
				CLANG_WARN__DUPLICATE_METHOD_MATCH = YES;
				COPY_PHASE_STRIP = NO;
				DEBUG_INFORMATION_FORMAT = dwarf;
				ENABLE_STRICT_OBJC_MSGSEND = YES;
				ENABLE_TESTABILITY = YES;
				GCC_C_LANGUAGE_STANDARD = gnu11;
				GCC_DYNAMIC_NO_PIC = NO;
				GCC_NO_COMMON_BLOCKS = YES;
				GCC_OPTIMIZATION_LEVEL = 0;
				GCC_PREPROCESSOR_DEFINITIONS = (
					"DEBUG=1",
					"$(inherited)",
				);
				GCC_WARN_64_TO_32_BIT_CONVERSION = YES;
				GCC_WARN_ABOUT_RETURN_TYPE = YES_ERROR;
				GCC_WARN_UNDECLARED_SELECTOR = YES;
				GCC_WARN_UNINITIALIZED_AUTOS = YES_AGGRESSIVE;
				GCC_WARN_UNUSED_FUNCTION = YES;
				GCC_WARN_UNUSED_VARIABLE = YES;
				IPHONEOS_DEPLOYMENT_TARGET = 15.0;
				MTL_ENABLE_DEBUG_INFO = INCLUDE_SOURCE;
				MTL_FAST_MATH = YES;
				ONLY_ACTIVE_ARCH = YES;
				SDKROOT = iphoneos;
				SWIFT_ACTIVE_COMPILATION_CONDITIONS = DEBUG;
				SWIFT_OPTIMIZATION_LEVEL = "-Onone";
			};
			name = Debug;
		};
		07F1ACCC28A1F8B700792E9A /* Release */ = {
			isa = XCBuildConfiguration;
			buildSettings = {
				ALWAYS_SEARCH_USER_PATHS = NO;
				CLANG_ANALYZER_NONNULL = YES;
				CLANG_ANALYZER_NUMBER_OBJECT_CONVERSION = YES_AGGRESSIVE;
				CLANG_CXX_LANGUAGE_STANDARD = "gnu++17";
				CLANG_CXX_LIBRARY = "libc++";
				CLANG_ENABLE_MODULES = YES;
				CLANG_ENABLE_OBJC_ARC = YES;
				CLANG_ENABLE_OBJC_WEAK = YES;
				CLANG_WARN_BLOCK_CAPTURE_AUTORELEASING = YES;
				CLANG_WARN_BOOL_CONVERSION = YES;
				CLANG_WARN_COMMA = YES;
				CLANG_WARN_CONSTANT_CONVERSION = YES;
				CLANG_WARN_DEPRECATED_OBJC_IMPLEMENTATIONS = YES;
				CLANG_WARN_DIRECT_OBJC_ISA_USAGE = YES_ERROR;
				CLANG_WARN_DOCUMENTATION_COMMENTS = YES;
				CLANG_WARN_EMPTY_BODY = YES;
				CLANG_WARN_ENUM_CONVERSION = YES;
				CLANG_WARN_INFINITE_RECURSION = YES;
				CLANG_WARN_INT_CONVERSION = YES;
				CLANG_WARN_NON_LITERAL_NULL_CONVERSION = YES;
				CLANG_WARN_OBJC_IMPLICIT_RETAIN_SELF = YES;
				CLANG_WARN_OBJC_LITERAL_CONVERSION = YES;
				CLANG_WARN_OBJC_ROOT_CLASS = YES_ERROR;
				CLANG_WARN_QUOTED_INCLUDE_IN_FRAMEWORK_HEADER = YES;
				CLANG_WARN_RANGE_LOOP_ANALYSIS = YES;
				CLANG_WARN_STRICT_PROTOTYPES = YES;
				CLANG_WARN_SUSPICIOUS_MOVE = YES;
				CLANG_WARN_UNGUARDED_AVAILABILITY = YES_AGGRESSIVE;
				CLANG_WARN_UNREACHABLE_CODE = YES;
				CLANG_WARN__DUPLICATE_METHOD_MATCH = YES;
				COPY_PHASE_STRIP = NO;
				DEBUG_INFORMATION_FORMAT = "dwarf-with-dsym";
				ENABLE_NS_ASSERTIONS = NO;
				ENABLE_STRICT_OBJC_MSGSEND = YES;
				GCC_C_LANGUAGE_STANDARD = gnu11;
				GCC_NO_COMMON_BLOCKS = YES;
				GCC_WARN_64_TO_32_BIT_CONVERSION = YES;
				GCC_WARN_ABOUT_RETURN_TYPE = YES_ERROR;
				GCC_WARN_UNDECLARED_SELECTOR = YES;
				GCC_WARN_UNINITIALIZED_AUTOS = YES_AGGRESSIVE;
				GCC_WARN_UNUSED_FUNCTION = YES;
				GCC_WARN_UNUSED_VARIABLE = YES;
				IPHONEOS_DEPLOYMENT_TARGET = 15.0;
				MTL_ENABLE_DEBUG_INFO = NO;
				MTL_FAST_MATH = YES;
				SDKROOT = iphoneos;
				SWIFT_COMPILATION_MODE = wholemodule;
				SWIFT_OPTIMIZATION_LEVEL = "-O";
				VALIDATE_PRODUCT = YES;
			};
			name = Release;
		};
		07F1ACCE28A1F8B700792E9A /* Debug */ = {
			isa = XCBuildConfiguration;
			buildSettings = {
				ASSETCATALOG_COMPILER_APPICON_NAME = AppIcon;
				ASSETCATALOG_COMPILER_GLOBAL_ACCENT_COLOR_NAME = AccentColor;
				CODE_SIGN_STYLE = Automatic;
				CURRENT_PROJECT_VERSION = 1;
				DEVELOPMENT_TEAM = JWZ893HKXY;
				GENERATE_INFOPLIST_FILE = YES;
				INFOPLIST_FILE = Todo/Info.plist;
				INFOPLIST_KEY_UIApplicationSupportsIndirectInputEvents = YES;
				INFOPLIST_KEY_UILaunchStoryboardName = LaunchScreen;
				INFOPLIST_KEY_UIMainStoryboardFile = Main;
				INFOPLIST_KEY_UISupportedInterfaceOrientations_iPad = "UIInterfaceOrientationPortrait UIInterfaceOrientationPortraitUpsideDown UIInterfaceOrientationLandscapeLeft UIInterfaceOrientationLandscapeRight";
				INFOPLIST_KEY_UISupportedInterfaceOrientations_iPhone = "UIInterfaceOrientationPortrait UIInterfaceOrientationLandscapeLeft UIInterfaceOrientationLandscapeRight";
				LD_RUNPATH_SEARCH_PATHS = (
					"$(inherited)",
					"@executable_path/Frameworks",
				);
				MARKETING_VERSION = 1.0;
				PRODUCT_BUNDLE_IDENTIFIER = com.example.sxm.Todo;
				PRODUCT_NAME = "$(TARGET_NAME)";
				SWIFT_EMIT_LOC_STRINGS = YES;
				SWIFT_VERSION = 5.0;
				TARGETED_DEVICE_FAMILY = "1,2";
			};
			name = Debug;
		};
		07F1ACCF28A1F8B700792E9A /* Release */ = {
			isa = XCBuildConfiguration;
			buildSettings = {
				ASSETCATALOG_COMPILER_APPICON_NAME = AppIcon;
				ASSETCATALOG_COMPILER_GLOBAL_ACCENT_COLOR_NAME = AccentColor;
				CODE_SIGN_STYLE = Automatic;
				CURRENT_PROJECT_VERSION = 1;
				DEVELOPMENT_TEAM = JWZ893HKXY;
				GENERATE_INFOPLIST_FILE = YES;
				INFOPLIST_FILE = Todo/Info.plist;
				INFOPLIST_KEY_UIApplicationSupportsIndirectInputEvents = YES;
				INFOPLIST_KEY_UILaunchStoryboardName = LaunchScreen;
				INFOPLIST_KEY_UIMainStoryboardFile = Main;
				INFOPLIST_KEY_UISupportedInterfaceOrientations_iPad = "UIInterfaceOrientationPortrait UIInterfaceOrientationPortraitUpsideDown UIInterfaceOrientationLandscapeLeft UIInterfaceOrientationLandscapeRight";
				INFOPLIST_KEY_UISupportedInterfaceOrientations_iPhone = "UIInterfaceOrientationPortrait UIInterfaceOrientationLandscapeLeft UIInterfaceOrientationLandscapeRight";
				LD_RUNPATH_SEARCH_PATHS = (
					"$(inherited)",
					"@executable_path/Frameworks",
				);
				MARKETING_VERSION = 1.0;
				PRODUCT_BUNDLE_IDENTIFIER = com.example.sxm.Todo;
				PRODUCT_NAME = "$(TARGET_NAME)";
				SWIFT_EMIT_LOC_STRINGS = YES;
				SWIFT_VERSION = 5.0;
				TARGETED_DEVICE_FAMILY = "1,2";
			};
			name = Release;
		};
		07F1ACD128A1F8B700792E9A /* Debug */ = {
			isa = XCBuildConfiguration;
			buildSettings = {
				ALWAYS_EMBED_SWIFT_STANDARD_LIBRARIES = YES;
				BUNDLE_LOADER = "$(TEST_HOST)";
				CODE_SIGN_STYLE = Automatic;
				CURRENT_PROJECT_VERSION = 1;
				DEVELOPMENT_TEAM = JWZ893HKXY;
				GENERATE_INFOPLIST_FILE = YES;
				IPHONEOS_DEPLOYMENT_TARGET = 15.0;
				LD_RUNPATH_SEARCH_PATHS = (
					"$(inherited)",
					"@executable_path/Frameworks",
					"@loader_path/Frameworks",
				);
				MARKETING_VERSION = 1.0;
				PRODUCT_BUNDLE_IDENTIFIER = com.example.sxm.TodoTests;
				PRODUCT_NAME = "$(TARGET_NAME)";
				SWIFT_EMIT_LOC_STRINGS = NO;
				SWIFT_VERSION = 5.0;
				TARGETED_DEVICE_FAMILY = "1,2";
				TEST_HOST = "$(BUILT_PRODUCTS_DIR)/Todo.app/Todo";
			};
			name = Debug;
		};
		07F1ACD228A1F8B700792E9A /* Release */ = {
			isa = XCBuildConfiguration;
			buildSettings = {
				ALWAYS_EMBED_SWIFT_STANDARD_LIBRARIES = YES;
				BUNDLE_LOADER = "$(TEST_HOST)";
				CODE_SIGN_STYLE = Automatic;
				CURRENT_PROJECT_VERSION = 1;
				DEVELOPMENT_TEAM = JWZ893HKXY;
				GENERATE_INFOPLIST_FILE = YES;
				IPHONEOS_DEPLOYMENT_TARGET = 15.0;
				LD_RUNPATH_SEARCH_PATHS = (
					"$(inherited)",
					"@executable_path/Frameworks",
					"@loader_path/Frameworks",
				);
				MARKETING_VERSION = 1.0;
				PRODUCT_BUNDLE_IDENTIFIER = com.example.sxm.TodoTests;
				PRODUCT_NAME = "$(TARGET_NAME)";
				SWIFT_EMIT_LOC_STRINGS = NO;
				SWIFT_VERSION = 5.0;
				TARGETED_DEVICE_FAMILY = "1,2";
				TEST_HOST = "$(BUILT_PRODUCTS_DIR)/Todo.app/Todo";
			};
			name = Release;
		};
		07F1ACD428A1F8B700792E9A /* Debug */ = {
			isa = XCBuildConfiguration;
			buildSettings = {
				ALWAYS_EMBED_SWIFT_STANDARD_LIBRARIES = YES;
				CODE_SIGN_STYLE = Automatic;
				CURRENT_PROJECT_VERSION = 1;
				DEVELOPMENT_TEAM = JWZ893HKXY;
				GENERATE_INFOPLIST_FILE = YES;
				LD_RUNPATH_SEARCH_PATHS = (
					"$(inherited)",
					"@executable_path/Frameworks",
					"@loader_path/Frameworks",
				);
				MARKETING_VERSION = 1.0;
				PRODUCT_BUNDLE_IDENTIFIER = com.example.sxm.TodoUITests;
				PRODUCT_NAME = "$(TARGET_NAME)";
				SWIFT_EMIT_LOC_STRINGS = NO;
				SWIFT_VERSION = 5.0;
				TARGETED_DEVICE_FAMILY = "1,2";
				TEST_TARGET_NAME = Todo;
			};
			name = Debug;
		};
		07F1ACD528A1F8B700792E9A /* Release */ = {
			isa = XCBuildConfiguration;
			buildSettings = {
				ALWAYS_EMBED_SWIFT_STANDARD_LIBRARIES = YES;
				CODE_SIGN_STYLE = Automatic;
				CURRENT_PROJECT_VERSION = 1;
				DEVELOPMENT_TEAM = JWZ893HKXY;
				GENERATE_INFOPLIST_FILE = YES;
				LD_RUNPATH_SEARCH_PATHS = (
					"$(inherited)",
					"@executable_path/Frameworks",
					"@loader_path/Frameworks",
				);
				MARKETING_VERSION = 1.0;
				PRODUCT_BUNDLE_IDENTIFIER = com.example.sxm.TodoUITests;
				PRODUCT_NAME = "$(TARGET_NAME)";
				SWIFT_EMIT_LOC_STRINGS = NO;
				SWIFT_VERSION = 5.0;
				TARGETED_DEVICE_FAMILY = "1,2";
				TEST_TARGET_NAME = Todo;
			};
			name = Release;
		};
/* End XCBuildConfiguration section */

/* Begin XCConfigurationList section */
		07F1AC9E28A1F8B500792E9A /* Build configuration list for PBXProject "Todo" */ = {
			isa = XCConfigurationList;
			buildConfigurations = (
				07F1ACCB28A1F8B700792E9A /* Debug */,
				07F1ACCC28A1F8B700792E9A /* Release */,
			);
			defaultConfigurationIsVisible = 0;
			defaultConfigurationName = Release;
		};
		07F1ACCD28A1F8B700792E9A /* Build configuration list for PBXNativeTarget "Todo" */ = {
			isa = XCConfigurationList;
			buildConfigurations = (
				07F1ACCE28A1F8B700792E9A /* Debug */,
				07F1ACCF28A1F8B700792E9A /* Release */,
			);
			defaultConfigurationIsVisible = 0;
			defaultConfigurationName = Release;
		};
		07F1ACD028A1F8B700792E9A /* Build configuration list for PBXNativeTarget "TodoTests" */ = {
			isa = XCConfigurationList;
			buildConfigurations = (
				07F1ACD128A1F8B700792E9A /* Debug */,
				07F1ACD228A1F8B700792E9A /* Release */,
			);
			defaultConfigurationIsVisible = 0;
			defaultConfigurationName = Release;
		};
		07F1ACD328A1F8B700792E9A /* Build configuration list for PBXNativeTarget "TodoUITests" */ = {
			isa = XCConfigurationList;
			buildConfigurations = (
				07F1ACD428A1F8B700792E9A /* Debug */,
				07F1ACD528A1F8B700792E9A /* Release */,
			);
			defaultConfigurationIsVisible = 0;
			defaultConfigurationName = Release;
		};
/* End XCConfigurationList section */
	};
	rootObject = 07F1AC9B28A1F8B500792E9A /* Project object */;
}
