// !$*UTF8*$!
{
	archiveVersion = 1;
	classes = {
	};
	objectVersion = 55;
	objects = {

/* Begin PBXBuildFile section */
		0724CD9E28CB109B0012CC63 /* state03App.swift in Sources */ = {isa = PBXBuildFile; fileRef = 0724CD9D28CB109B0012CC63 /* state03App.swift */; };
		0724CDA028CB109B0012CC63 /* ContentView.swift in Sources */ = {isa = PBXBuildFile; fileRef = 0724CD9F28CB109B0012CC63 /* ContentView.swift */; };
		0724CDA228CB109E0012CC63 /* Assets.xcassets in Resources */ = {isa = PBXBuildFile; fileRef = 0724CDA128CB109E0012CC63 /* Assets.xcassets */; };
		0724CDA528CB109E0012CC63 /* Preview Assets.xcassets in Resources */ = {isa = PBXBuildFile; fileRef = 0724CDA428CB109E0012CC63 /* Preview Assets.xcassets */; };
		0724CDAF28CB109F0012CC63 /* state03Tests.swift in Sources */ = {isa = PBXBuildFile; fileRef = 0724CDAE28CB109F0012CC63 /* state03Tests.swift */; };
		0724CDB928CB109F0012CC63 /* state03UITests.swift in Sources */ = {isa = PBXBuildFile; fileRef = 0724CDB828CB109F0012CC63 /* state03UITests.swift */; };
		0724CDBB28CB109F0012CC63 /* state03UITestsLaunchTests.swift in Sources */ = {isa = PBXBuildFile; fileRef = 0724CDBA28CB109F0012CC63 /* state03UITestsLaunchTests.swift */; };
		0724CDC828CB10EC0012CC63 /* HomeView.swift in Sources */ = {isa = PBXBuildFile; fileRef = 0724CDC728CB10EC0012CC63 /* HomeView.swift */; };
		0724CDCA28CB112C0012CC63 /* ProfileView.swift in Sources */ = {isa = PBXBuildFile; fileRef = 0724CDC928CB112C0012CC63 /* ProfileView.swift */; };
		0724CDCC28CB11400012CC63 /* ProfileModel.swift in Sources */ = {isa = PBXBuildFile; fileRef = 0724CDCB28CB11400012CC63 /* ProfileModel.swift */; };
/* End PBXBuildFile section */

/* Begin PBXContainerItemProxy section */
		0724CDAB28CB109F0012CC63 /* PBXContainerItemProxy */ = {
			isa = PBXContainerItemProxy;
			containerPortal = 0724CD9228CB109B0012CC63 /* Project object */;
			proxyType = 1;
			remoteGlobalIDString = 0724CD9928CB109B0012CC63;
			remoteInfo = state03;
		};
		0724CDB528CB109F0012CC63 /* PBXContainerItemProxy */ = {
			isa = PBXContainerItemProxy;
			containerPortal = 0724CD9228CB109B0012CC63 /* Project object */;
			proxyType = 1;
			remoteGlobalIDString = 0724CD9928CB109B0012CC63;
			remoteInfo = state03;
		};
/* End PBXContainerItemProxy section */

/* Begin PBXFileReference section */
		0724CD9A28CB109B0012CC63 /* state03.app */ = {isa = PBXFileReference; explicitFileType = wrapper.application; includeInIndex = 0; path = state03.app; sourceTree = BUILT_PRODUCTS_DIR; };
		0724CD9D28CB109B0012CC63 /* state03App.swift */ = {isa = PBXFileReference; lastKnownFileType = sourcecode.swift; path = state03App.swift; sourceTree = "<group>"; };
		0724CD9F28CB109B0012CC63 /* ContentView.swift */ = {isa = PBXFileReference; lastKnownFileType = sourcecode.swift; path = ContentView.swift; sourceTree = "<group>"; };
		0724CDA128CB109E0012CC63 /* Assets.xcassets */ = {isa = PBXFileReference; lastKnownFileType = folder.assetcatalog; path = Assets.xcassets; sourceTree = "<group>"; };
		0724CDA428CB109E0012CC63 /* Preview Assets.xcassets */ = {isa = PBXFileReference; lastKnownFileType = folder.assetcatalog; path = "Preview Assets.xcassets"; sourceTree = "<group>"; };
		0724CDAA28CB109F0012CC63 /* state03Tests.xctest */ = {isa = PBXFileReference; explicitFileType = wrapper.cfbundle; includeInIndex = 0; path = state03Tests.xctest; sourceTree = BUILT_PRODUCTS_DIR; };
		0724CDAE28CB109F0012CC63 /* state03Tests.swift */ = {isa = PBXFileReference; lastKnownFileType = sourcecode.swift; path = state03Tests.swift; sourceTree = "<group>"; };
		0724CDB428CB109F0012CC63 /* state03UITests.xctest */ = {isa = PBXFileReference; explicitFileType = wrapper.cfbundle; includeInIndex = 0; path = state03UITests.xctest; sourceTree = BUILT_PRODUCTS_DIR; };
		0724CDB828CB109F0012CC63 /* state03UITests.swift */ = {isa = PBXFileReference; lastKnownFileType = sourcecode.swift; path = state03UITests.swift; sourceTree = "<group>"; };
		0724CDBA28CB109F0012CC63 /* state03UITestsLaunchTests.swift */ = {isa = PBXFileReference; lastKnownFileType = sourcecode.swift; path = state03UITestsLaunchTests.swift; sourceTree = "<group>"; };
		0724CDC728CB10EC0012CC63 /* HomeView.swift */ = {isa = PBXFileReference; lastKnownFileType = sourcecode.swift; path = HomeView.swift; sourceTree = "<group>"; };
		0724CDC928CB112C0012CC63 /* ProfileView.swift */ = {isa = PBXFileReference; lastKnownFileType = sourcecode.swift; path = ProfileView.swift; sourceTree = "<group>"; };
		0724CDCB28CB11400012CC63 /* ProfileModel.swift */ = {isa = PBXFileReference; lastKnownFileType = sourcecode.swift; path = ProfileModel.swift; sourceTree = "<group>"; };
/* End PBXFileReference section */

/* Begin PBXFrameworksBuildPhase section */
		0724CD9728CB109B0012CC63 /* Frameworks */ = {
			isa = PBXFrameworksBuildPhase;
			buildActionMask = 2147483647;
			files = (
			);
			runOnlyForDeploymentPostprocessing = 0;
		};
		0724CDA728CB109F0012CC63 /* Frameworks */ = {
			isa = PBXFrameworksBuildPhase;
			buildActionMask = 2147483647;
			files = (
			);
			runOnlyForDeploymentPostprocessing = 0;
		};
		0724CDB128CB109F0012CC63 /* Frameworks */ = {
			isa = PBXFrameworksBuildPhase;
			buildActionMask = 2147483647;
			files = (
			);
			runOnlyForDeploymentPostprocessing = 0;
		};
/* End PBXFrameworksBuildPhase section */

/* Begin PBXGroup section */
		0724CD9128CB109B0012CC63 = {
			isa = PBXGroup;
			children = (
				0724CD9C28CB109B0012CC63 /* state03 */,
				0724CDAD28CB109F0012CC63 /* state03Tests */,
				0724CDB728CB109F0012CC63 /* state03UITests */,
				0724CD9B28CB109B0012CC63 /* Products */,
			);
			sourceTree = "<group>";
		};
		0724CD9B28CB109B0012CC63 /* Products */ = {
			isa = PBXGroup;
			children = (
				0724CD9A28CB109B0012CC63 /* state03.app */,
				0724CDAA28CB109F0012CC63 /* state03Tests.xctest */,
				0724CDB428CB109F0012CC63 /* state03UITests.xctest */,
			);
			name = Products;
			sourceTree = "<group>";
		};
		0724CD9C28CB109B0012CC63 /* state03 */ = {
			isa = PBXGroup;
			children = (
				0724CDCD28CB149D0012CC63 /* views */,
				0724CD9D28CB109B0012CC63 /* state03App.swift */,
				0724CD9F28CB109B0012CC63 /* ContentView.swift */,
				0724CDCB28CB11400012CC63 /* ProfileModel.swift */,
				0724CDA128CB109E0012CC63 /* Assets.xcassets */,
				0724CDA328CB109E0012CC63 /* Preview Content */,
			);
			path = state03;
			sourceTree = "<group>";
		};
		0724CDA328CB109E0012CC63 /* Preview Content */ = {
			isa = PBXGroup;
			children = (
				0724CDA428CB109E0012CC63 /* Preview Assets.xcassets */,
			);
			path = "Preview Content";
			sourceTree = "<group>";
		};
		0724CDAD28CB109F0012CC63 /* state03Tests */ = {
			isa = PBXGroup;
			children = (
				0724CDAE28CB109F0012CC63 /* state03Tests.swift */,
			);
			path = state03Tests;
			sourceTree = "<group>";
		};
		0724CDB728CB109F0012CC63 /* state03UITests */ = {
			isa = PBXGroup;
			children = (
				0724CDB828CB109F0012CC63 /* state03UITests.swift */,
				0724CDBA28CB109F0012CC63 /* state03UITestsLaunchTests.swift */,
			);
			path = state03UITests;
			sourceTree = "<group>";
		};
		0724CDCD28CB149D0012CC63 /* views */ = {
			isa = PBXGroup;
			children = (
				0724CDC728CB10EC0012CC63 /* HomeView.swift */,
				0724CDC928CB112C0012CC63 /* ProfileView.swift */,
			);
			path = views;
			sourceTree = "<group>";
		};
/* End PBXGroup section */

/* Begin PBXNativeTarget section */
		0724CD9928CB109B0012CC63 /* state03 */ = {
			isa = PBXNativeTarget;
			buildConfigurationList = 0724CDBE28CB109F0012CC63 /* Build configuration list for PBXNativeTarget "state03" */;
			buildPhases = (
				0724CD9628CB109B0012CC63 /* Sources */,
				0724CD9728CB109B0012CC63 /* Frameworks */,
				0724CD9828CB109B0012CC63 /* Resources */,
			);
			buildRules = (
			);
			dependencies = (
			);
			name = state03;
			productName = state03;
			productReference = 0724CD9A28CB109B0012CC63 /* state03.app */;
			productType = "com.apple.product-type.application";
		};
		0724CDA928CB109F0012CC63 /* state03Tests */ = {
			isa = PBXNativeTarget;
			buildConfigurationList = 0724CDC128CB109F0012CC63 /* Build configuration list for PBXNativeTarget "state03Tests" */;
			buildPhases = (
				0724CDA628CB109F0012CC63 /* Sources */,
				0724CDA728CB109F0012CC63 /* Frameworks */,
				0724CDA828CB109F0012CC63 /* Resources */,
			);
			buildRules = (
			);
			dependencies = (
				0724CDAC28CB109F0012CC63 /* PBXTargetDependency */,
			);
			name = state03Tests;
			productName = state03Tests;
			productReference = 0724CDAA28CB109F0012CC63 /* state03Tests.xctest */;
			productType = "com.apple.product-type.bundle.unit-test";
		};
		0724CDB328CB109F0012CC63 /* state03UITests */ = {
			isa = PBXNativeTarget;
			buildConfigurationList = 0724CDC428CB109F0012CC63 /* Build configuration list for PBXNativeTarget "state03UITests" */;
			buildPhases = (
				0724CDB028CB109F0012CC63 /* Sources */,
				0724CDB128CB109F0012CC63 /* Frameworks */,
				0724CDB228CB109F0012CC63 /* Resources */,
			);
			buildRules = (
			);
			dependencies = (
				0724CDB628CB109F0012CC63 /* PBXTargetDependency */,
			);
			name = state03UITests;
			productName = state03UITests;
			productReference = 0724CDB428CB109F0012CC63 /* state03UITests.xctest */;
			productType = "com.apple.product-type.bundle.ui-testing";
		};
/* End PBXNativeTarget section */

/* Begin PBXProject section */
		0724CD9228CB109B0012CC63 /* Project object */ = {
			isa = PBXProject;
			attributes = {
				BuildIndependentTargetsInParallel = 1;
				LastSwiftUpdateCheck = 1310;
				LastUpgradeCheck = 1310;
				TargetAttributes = {
					0724CD9928CB109B0012CC63 = {
						CreatedOnToolsVersion = 13.1;
					};
					0724CDA928CB109F0012CC63 = {
						CreatedOnToolsVersion = 13.1;
						TestTargetID = 0724CD9928CB109B0012CC63;
					};
					0724CDB328CB109F0012CC63 = {
						CreatedOnToolsVersion = 13.1;
						TestTargetID = 0724CD9928CB109B0012CC63;
					};
				};
			};
			buildConfigurationList = 0724CD9528CB109B0012CC63 /* Build configuration list for PBXProject "state03" */;
			compatibilityVersion = "Xcode 13.0";
			developmentRegion = en;
			hasScannedForEncodings = 0;
			knownRegions = (
				en,
				Base,
			);
			mainGroup = 0724CD9128CB109B0012CC63;
			productRefGroup = 0724CD9B28CB109B0012CC63 /* Products */;
			projectDirPath = "";
			projectRoot = "";
			targets = (
				0724CD9928CB109B0012CC63 /* state03 */,
				0724CDA928CB109F0012CC63 /* state03Tests */,
				0724CDB328CB109F0012CC63 /* state03UITests */,
			);
		};
/* End PBXProject section */

/* Begin PBXResourcesBuildPhase section */
		0724CD9828CB109B0012CC63 /* Resources */ = {
			isa = PBXResourcesBuildPhase;
			buildActionMask = 2147483647;
			files = (
				0724CDA528CB109E0012CC63 /* Preview Assets.xcassets in Resources */,
				0724CDA228CB109E0012CC63 /* Assets.xcassets in Resources */,
			);
			runOnlyForDeploymentPostprocessing = 0;
		};
		0724CDA828CB109F0012CC63 /* Resources */ = {
			isa = PBXResourcesBuildPhase;
			buildActionMask = 2147483647;
			files = (
			);
			runOnlyForDeploymentPostprocessing = 0;
		};
		0724CDB228CB109F0012CC63 /* Resources */ = {
			isa = PBXResourcesBuildPhase;
			buildActionMask = 2147483647;
			files = (
			);
			runOnlyForDeploymentPostprocessing = 0;
		};
/* End PBXResourcesBuildPhase section */

/* Begin PBXSourcesBuildPhase section */
		0724CD9628CB109B0012CC63 /* Sources */ = {
			isa = PBXSourcesBuildPhase;
			buildActionMask = 2147483647;
			files = (
				0724CDCA28CB112C0012CC63 /* ProfileView.swift in Sources */,
				0724CDC828CB10EC0012CC63 /* HomeView.swift in Sources */,
				0724CDA028CB109B0012CC63 /* ContentView.swift in Sources */,
				0724CD9E28CB109B0012CC63 /* state03App.swift in Sources */,
				0724CDCC28CB11400012CC63 /* ProfileModel.swift in Sources */,
			);
			runOnlyForDeploymentPostprocessing = 0;
		};
		0724CDA628CB109F0012CC63 /* Sources */ = {
			isa = PBXSourcesBuildPhase;
			buildActionMask = 2147483647;
			files = (
				0724CDAF28CB109F0012CC63 /* state03Tests.swift in Sources */,
			);
			runOnlyForDeploymentPostprocessing = 0;
		};
		0724CDB028CB109F0012CC63 /* Sources */ = {
			isa = PBXSourcesBuildPhase;
			buildActionMask = 2147483647;
			files = (
				0724CDB928CB109F0012CC63 /* state03UITests.swift in Sources */,
				0724CDBB28CB109F0012CC63 /* state03UITestsLaunchTests.swift in Sources */,
			);
			runOnlyForDeploymentPostprocessing = 0;
		};
/* End PBXSourcesBuildPhase section */

/* Begin PBXTargetDependency section */
		0724CDAC28CB109F0012CC63 /* PBXTargetDependency */ = {
			isa = PBXTargetDependency;
			target = 0724CD9928CB109B0012CC63 /* state03 */;
			targetProxy = 0724CDAB28CB109F0012CC63 /* PBXContainerItemProxy */;
		};
		0724CDB628CB109F0012CC63 /* PBXTargetDependency */ = {
			isa = PBXTargetDependency;
			target = 0724CD9928CB109B0012CC63 /* state03 */;
			targetProxy = 0724CDB528CB109F0012CC63 /* PBXContainerItemProxy */;
		};
/* End PBXTargetDependency section */

/* Begin XCBuildConfiguration section */
		0724CDBC28CB109F0012CC63 /* Debug */ = {
			isa = XCBuildConfiguration;
			buildSettings = {
				ALWAYS_SEARCH_USER_PATHS = NO;
				CLANG_ANALYZER_NONNULL = YES;
				CLANG_ANALYZER_NUMBER_OBJECT_CONVERSION = YES_AGGRESSIVE;
				CLANG_CXX_LANGUAGE_STANDARD = "gnu++17";
				CLANG_CXX_LIBRARY = "libc++";
				CLANG_ENABLE_MODULES = YES;
				CLANG_ENABLE_OBJC_ARC = YES;
				CLANG_ENABLE_OBJC_WEAK = YES;
				CLANG_WARN_BLOCK_CAPTURE_AUTORELEASING = YES;
				CLANG_WARN_BOOL_CONVERSION = YES;
				CLANG_WARN_COMMA = YES;
				CLANG_WARN_CONSTANT_CONVERSION = YES;
				CLANG_WARN_DEPRECATED_OBJC_IMPLEMENTATIONS = YES;
				CLANG_WARN_DIRECT_OBJC_ISA_USAGE = YES_ERROR;
				CLANG_WARN_DOCUMENTATION_COMMENTS = YES;
				CLANG_WARN_EMPTY_BODY = YES;
				CLANG_WARN_ENUM_CONVERSION = YES;
				CLANG_WARN_INFINITE_RECURSION = YES;
				CLANG_WARN_INT_CONVERSION = YES;
				CLANG_WARN_NON_LITERAL_NULL_CONVERSION = YES;
				CLANG_WARN_OBJC_IMPLICIT_RETAIN_SELF = YES;
				CLANG_WARN_OBJC_LITERAL_CONVERSION = YES;
				CLANG_WARN_OBJC_ROOT_CLASS = YES_ERROR;
				CLANG_WARN_QUOTED_INCLUDE_IN_FRAMEWORK_HEADER = YES;
				CLANG_WARN_RANGE_LOOP_ANALYSIS = YES;
				CLANG_WARN_STRICT_PROTOTYPES = YES;
				CLANG_WARN_SUSPICIOUS_MOVE = YES;
				CLANG_WARN_UNGUARDED_AVAILABILITY = YES_AGGRESSIVE;
				CLANG_WARN_UNREACHABLE_CODE = YES;
				CLANG_WARN__DUPLICATE_METHOD_MATCH = YES;
				COPY_PHASE_STRIP = NO;
				DEBUG_INFORMATION_FORMAT = dwarf;
				ENABLE_STRICT_OBJC_MSGSEND = YES;
				ENABLE_TESTABILITY = YES;
				GCC_C_LANGUAGE_STANDARD = gnu11;
				GCC_DYNAMIC_NO_PIC = NO;
				GCC_NO_COMMON_BLOCKS = YES;
				GCC_OPTIMIZATION_LEVEL = 0;
				GCC_PREPROCESSOR_DEFINITIONS = (
					"DEBUG=1",
					"$(inherited)",
				);
				GCC_WARN_64_TO_32_BIT_CONVERSION = YES;
				GCC_WARN_ABOUT_RETURN_TYPE = YES_ERROR;
				GCC_WARN_UNDECLARED_SELECTOR = YES;
				GCC_WARN_UNINITIALIZED_AUTOS = YES_AGGRESSIVE;
				GCC_WARN_UNUSED_FUNCTION = YES;
				GCC_WARN_UNUSED_VARIABLE = YES;
				IPHONEOS_DEPLOYMENT_TARGET = 15.0;
				MTL_ENABLE_DEBUG_INFO = INCLUDE_SOURCE;
				MTL_FAST_MATH = YES;
				ONLY_ACTIVE_ARCH = YES;
				SDKROOT = iphoneos;
				SWIFT_ACTIVE_COMPILATION_CONDITIONS = DEBUG;
				SWIFT_OPTIMIZATION_LEVEL = "-Onone";
			};
			name = Debug;
		};
		0724CDBD28CB109F0012CC63 /* Release */ = {
			isa = XCBuildConfiguration;
			buildSettings = {
				ALWAYS_SEARCH_USER_PATHS = NO;
				CLANG_ANALYZER_NONNULL = YES;
				CLANG_ANALYZER_NUMBER_OBJECT_CONVERSION = YES_AGGRESSIVE;
				CLANG_CXX_LANGUAGE_STANDARD = "gnu++17";
				CLANG_CXX_LIBRARY = "libc++";
				CLANG_ENABLE_MODULES = YES;
				CLANG_ENABLE_OBJC_ARC = YES;
				CLANG_ENABLE_OBJC_WEAK = YES;
				CLANG_WARN_BLOCK_CAPTURE_AUTORELEASING = YES;
				CLANG_WARN_BOOL_CONVERSION = YES;
				CLANG_WARN_COMMA = YES;
				CLANG_WARN_CONSTANT_CONVERSION = YES;
				CLANG_WARN_DEPRECATED_OBJC_IMPLEMENTATIONS = YES;
				CLANG_WARN_DIRECT_OBJC_ISA_USAGE = YES_ERROR;
				CLANG_WARN_DOCUMENTATION_COMMENTS = YES;
				CLANG_WARN_EMPTY_BODY = YES;
				CLANG_WARN_ENUM_CONVERSION = YES;
				CLANG_WARN_INFINITE_RECURSION = YES;
				CLANG_WARN_INT_CONVERSION = YES;
				CLANG_WARN_NON_LITERAL_NULL_CONVERSION = YES;
				CLANG_WARN_OBJC_IMPLICIT_RETAIN_SELF = YES;
				CLANG_WARN_OBJC_LITERAL_CONVERSION = YES;
				CLANG_WARN_OBJC_ROOT_CLASS = YES_ERROR;
				CLANG_WARN_QUOTED_INCLUDE_IN_FRAMEWORK_HEADER = YES;
				CLANG_WARN_RANGE_LOOP_ANALYSIS = YES;
				CLANG_WARN_STRICT_PROTOTYPES = YES;
				CLANG_WARN_SUSPICIOUS_MOVE = YES;
				CLANG_WARN_UNGUARDED_AVAILABILITY = YES_AGGRESSIVE;
				CLANG_WARN_UNREACHABLE_CODE = YES;
				CLANG_WARN__DUPLICATE_METHOD_MATCH = YES;
				COPY_PHASE_STRIP = NO;
				DEBUG_INFORMATION_FORMAT = "dwarf-with-dsym";
				ENABLE_NS_ASSERTIONS = NO;
				ENABLE_STRICT_OBJC_MSGSEND = YES;
				GCC_C_LANGUAGE_STANDARD = gnu11;
				GCC_NO_COMMON_BLOCKS = YES;
				GCC_WARN_64_TO_32_BIT_CONVERSION = YES;
				GCC_WARN_ABOUT_RETURN_TYPE = YES_ERROR;
				GCC_WARN_UNDECLARED_SELECTOR = YES;
				GCC_WARN_UNINITIALIZED_AUTOS = YES_AGGRESSIVE;
				GCC_WARN_UNUSED_FUNCTION = YES;
				GCC_WARN_UNUSED_VARIABLE = YES;
				IPHONEOS_DEPLOYMENT_TARGET = 15.0;
				MTL_ENABLE_DEBUG_INFO = NO;
				MTL_FAST_MATH = YES;
				SDKROOT = iphoneos;
				SWIFT_COMPILATION_MODE = wholemodule;
				SWIFT_OPTIMIZATION_LEVEL = "-O";
				VALIDATE_PRODUCT = YES;
			};
			name = Release;
		};
		0724CDBF28CB109F0012CC63 /* Debug */ = {
			isa = XCBuildConfiguration;
			buildSettings = {
				ASSETCATALOG_COMPILER_APPICON_NAME = AppIcon;
				ASSETCATALOG_COMPILER_GLOBAL_ACCENT_COLOR_NAME = AccentColor;
				CODE_SIGN_STYLE = Automatic;
				CURRENT_PROJECT_VERSION = 1;
				DEVELOPMENT_ASSET_PATHS = "\"state03/Preview Content\"";
				DEVELOPMENT_TEAM = JWZ893HKXY;
				ENABLE_PREVIEWS = YES;
				GENERATE_INFOPLIST_FILE = YES;
				INFOPLIST_KEY_UIApplicationSceneManifest_Generation = YES;
				INFOPLIST_KEY_UIApplicationSupportsIndirectInputEvents = YES;
				INFOPLIST_KEY_UILaunchScreen_Generation = YES;
				INFOPLIST_KEY_UISupportedInterfaceOrientations_iPad = "UIInterfaceOrientationPortrait UIInterfaceOrientationPortraitUpsideDown UIInterfaceOrientationLandscapeLeft UIInterfaceOrientationLandscapeRight";
				INFOPLIST_KEY_UISupportedInterfaceOrientations_iPhone = "UIInterfaceOrientationPortrait UIInterfaceOrientationLandscapeLeft UIInterfaceOrientationLandscapeRight";
				LD_RUNPATH_SEARCH_PATHS = (
					"$(inherited)",
					"@executable_path/Frameworks",
				);
				MARKETING_VERSION = 1.0;
				PRODUCT_BUNDLE_IDENTIFIER = com.example.sxm.state03;
				PRODUCT_NAME = "$(TARGET_NAME)";
				SWIFT_EMIT_LOC_STRINGS = YES;
				SWIFT_VERSION = 5.0;
				TARGETED_DEVICE_FAMILY = "1,2";
			};
			name = Debug;
		};
		0724CDC028CB109F0012CC63 /* Release */ = {
			isa = XCBuildConfiguration;
			buildSettings = {
				ASSETCATALOG_COMPILER_APPICON_NAME = AppIcon;
				ASSETCATALOG_COMPILER_GLOBAL_ACCENT_COLOR_NAME = AccentColor;
				CODE_SIGN_STYLE = Automatic;
				CURRENT_PROJECT_VERSION = 1;
				DEVELOPMENT_ASSET_PATHS = "\"state03/Preview Content\"";
				DEVELOPMENT_TEAM = JWZ893HKXY;
				ENABLE_PREVIEWS = YES;
				GENERATE_INFOPLIST_FILE = YES;
				INFOPLIST_KEY_UIApplicationSceneManifest_Generation = YES;
				INFOPLIST_KEY_UIApplicationSupportsIndirectInputEvents = YES;
				INFOPLIST_KEY_UILaunchScreen_Generation = YES;
				INFOPLIST_KEY_UISupportedInterfaceOrientations_iPad = "UIInterfaceOrientationPortrait UIInterfaceOrientationPortraitUpsideDown UIInterfaceOrientationLandscapeLeft UIInterfaceOrientationLandscapeRight";
				INFOPLIST_KEY_UISupportedInterfaceOrientations_iPhone = "UIInterfaceOrientationPortrait UIInterfaceOrientationLandscapeLeft UIInterfaceOrientationLandscapeRight";
				LD_RUNPATH_SEARCH_PATHS = (
					"$(inherited)",
					"@executable_path/Frameworks",
				);
				MARKETING_VERSION = 1.0;
				PRODUCT_BUNDLE_IDENTIFIER = com.example.sxm.state03;
				PRODUCT_NAME = "$(TARGET_NAME)";
				SWIFT_EMIT_LOC_STRINGS = YES;
				SWIFT_VERSION = 5.0;
				TARGETED_DEVICE_FAMILY = "1,2";
			};
			name = Release;
		};
		0724CDC228CB109F0012CC63 /* Debug */ = {
			isa = XCBuildConfiguration;
			buildSettings = {
				ALWAYS_EMBED_SWIFT_STANDARD_LIBRARIES = YES;
				BUNDLE_LOADER = "$(TEST_HOST)";
				CODE_SIGN_STYLE = Automatic;
				CURRENT_PROJECT_VERSION = 1;
				DEVELOPMENT_TEAM = JWZ893HKXY;
				GENERATE_INFOPLIST_FILE = YES;
				IPHONEOS_DEPLOYMENT_TARGET = 15.0;
				LD_RUNPATH_SEARCH_PATHS = (
					"$(inherited)",
					"@executable_path/Frameworks",
					"@loader_path/Frameworks",
				);
				MARKETING_VERSION = 1.0;
				PRODUCT_BUNDLE_IDENTIFIER = com.example.sxm.state03Tests;
				PRODUCT_NAME = "$(TARGET_NAME)";
				SWIFT_EMIT_LOC_STRINGS = NO;
				SWIFT_VERSION = 5.0;
				TARGETED_DEVICE_FAMILY = "1,2";
				TEST_HOST = "$(BUILT_PRODUCTS_DIR)/state03.app/state03";
			};
			name = Debug;
		};
		0724CDC328CB109F0012CC63 /* Release */ = {
			isa = XCBuildConfiguration;
			buildSettings = {
				ALWAYS_EMBED_SWIFT_STANDARD_LIBRARIES = YES;
				BUNDLE_LOADER = "$(TEST_HOST)";
				CODE_SIGN_STYLE = Automatic;
				CURRENT_PROJECT_VERSION = 1;
				DEVELOPMENT_TEAM = JWZ893HKXY;
				GENERATE_INFOPLIST_FILE = YES;
				IPHONEOS_DEPLOYMENT_TARGET = 15.0;
				LD_RUNPATH_SEARCH_PATHS = (
					"$(inherited)",
					"@executable_path/Frameworks",
					"@loader_path/Frameworks",
				);
				MARKETING_VERSION = 1.0;
				PRODUCT_BUNDLE_IDENTIFIER = com.example.sxm.state03Tests;
				PRODUCT_NAME = "$(TARGET_NAME)";
				SWIFT_EMIT_LOC_STRINGS = NO;
				SWIFT_VERSION = 5.0;
				TARGETED_DEVICE_FAMILY = "1,2";
				TEST_HOST = "$(BUILT_PRODUCTS_DIR)/state03.app/state03";
			};
			name = Release;
		};
		0724CDC528CB109F0012CC63 /* Debug */ = {
			isa = XCBuildConfiguration;
			buildSettings = {
				ALWAYS_EMBED_SWIFT_STANDARD_LIBRARIES = YES;
				CODE_SIGN_STYLE = Automatic;
				CURRENT_PROJECT_VERSION = 1;
				DEVELOPMENT_TEAM = JWZ893HKXY;
				GENERATE_INFOPLIST_FILE = YES;
				LD_RUNPATH_SEARCH_PATHS = (
					"$(inherited)",
					"@executable_path/Frameworks",
					"@loader_path/Frameworks",
				);
				MARKETING_VERSION = 1.0;
				PRODUCT_BUNDLE_IDENTIFIER = com.example.sxm.state03UITests;
				PRODUCT_NAME = "$(TARGET_NAME)";
				SWIFT_EMIT_LOC_STRINGS = NO;
				SWIFT_VERSION = 5.0;
				TARGETED_DEVICE_FAMILY = "1,2";
				TEST_TARGET_NAME = state03;
			};
			name = Debug;
		};
		0724CDC628CB109F0012CC63 /* Release */ = {
			isa = XCBuildConfiguration;
			buildSettings = {
				ALWAYS_EMBED_SWIFT_STANDARD_LIBRARIES = YES;
				CODE_SIGN_STYLE = Automatic;
				CURRENT_PROJECT_VERSION = 1;
				DEVELOPMENT_TEAM = JWZ893HKXY;
				GENERATE_INFOPLIST_FILE = YES;
				LD_RUNPATH_SEARCH_PATHS = (
					"$(inherited)",
					"@executable_path/Frameworks",
					"@loader_path/Frameworks",
				);
				MARKETING_VERSION = 1.0;
				PRODUCT_BUNDLE_IDENTIFIER = com.example.sxm.state03UITests;
				PRODUCT_NAME = "$(TARGET_NAME)";
				SWIFT_EMIT_LOC_STRINGS = NO;
				SWIFT_VERSION = 5.0;
				TARGETED_DEVICE_FAMILY = "1,2";
				TEST_TARGET_NAME = state03;
			};
			name = Release;
		};
/* End XCBuildConfiguration section */

/* Begin XCConfigurationList section */
		0724CD9528CB109B0012CC63 /* Build configuration list for PBXProject "state03" */ = {
			isa = XCConfigurationList;
			buildConfigurations = (
				0724CDBC28CB109F0012CC63 /* Debug */,
				0724CDBD28CB109F0012CC63 /* Release */,
			);
			defaultConfigurationIsVisible = 0;
			defaultConfigurationName = Release;
		};
		0724CDBE28CB109F0012CC63 /* Build configuration list for PBXNativeTarget "state03" */ = {
			isa = XCConfigurationList;
			buildConfigurations = (
				0724CDBF28CB109F0012CC63 /* Debug */,
				0724CDC028CB109F0012CC63 /* Release */,
			);
			defaultConfigurationIsVisible = 0;
			defaultConfigurationName = Release;
		};
		0724CDC128CB109F0012CC63 /* Build configuration list for PBXNativeTarget "state03Tests" */ = {
			isa = XCConfigurationList;
			buildConfigurations = (
				0724CDC228CB109F0012CC63 /* Debug */,
				0724CDC328CB109F0012CC63 /* Release */,
			);
			defaultConfigurationIsVisible = 0;
			defaultConfigurationName = Release;
		};
		0724CDC428CB109F0012CC63 /* Build configuration list for PBXNativeTarget "state03UITests" */ = {
			isa = XCConfigurationList;
			buildConfigurations = (
				0724CDC528CB109F0012CC63 /* Debug */,
				0724CDC628CB109F0012CC63 /* Release */,
			);
			defaultConfigurationIsVisible = 0;
			defaultConfigurationName = Release;
		};
/* End XCConfigurationList section */
	};
	rootObject = 0724CD9228CB109B0012CC63 /* Project object */;
}
